
Microsoft Visual Studio Solution File, Format Version 12.00
# Visual Studio Version 17
VisualStudioVersion = 17.5.002.0
MinimumVisualStudioVersion = 10.0.40219.1
Project("{9A19103F-16F7-4668-BE54-9A1E7A4F7556}") = "01", "dotnet_test\01.csproj", "{81476289-AA21-46FA-B676-224ECDD45AFD}"
EndProject
Project("{9A19103F-16F7-4668-BE54-9A1E7A4F7556}") = "environment", "helpers\environment.csproj", "{10D3F4BE-3569-40A7-B0EF-CD4D844728F8}"
EndProject
Project("{2150E333-8FDC-42A3-9474-1A3956D46DE8}") = "chatGPT", "chatGPT", "{7B91A7F6-1ECF-476F-913F-0362B85F4434}"
EndProject
Project("{9A19103F-16F7-4668-BE54-9A1E7A4F7556}") = "01", "chatGPT\t1\01.csproj", "{9092884D-D6C1-465F-8BA5-FBC71CCA651F}"
EndProject
Project("{9A19103F-16F7-4668-BE54-9A1E7A4F7556}") = "010", "chatGPT\t10\010.csproj", "{53C302AC-C76B-480E-A737-21D3E5184EFF}"
EndProject
Project("{9A19103F-16F7-4668-BE54-9A1E7A4F7556}") = "011", "chatGPT\t11\011.csproj", "{26B547F6-3F53-447A-BA7C-408D55330D32}"
EndProject
Project("{9A19103F-16F7-4668-BE54-9A1E7A4F7556}") = "012", "chatGPT\t12\012.csproj", "{7C9B515B-CACA-47A4-A19E-FFBBB38DAEE3}"
EndProject
Project("{9A19103F-16F7-4668-BE54-9A1E7A4F7556}") = "013", "chatGPT\t13\013.csproj", "{D66DB958-758E-48E1-B2FE-3AECCA45336A}"
EndProject
Project("{9A19103F-16F7-4668-BE54-9A1E7A4F7556}") = "014", "chatGPT\t14\014.csproj", "{51B0F53A-5DD5-4A9E-ADAD-91E73584E83C}"
EndProject
Project("{9A19103F-16F7-4668-BE54-9A1E7A4F7556}") = "015", "chatGPT\t15\015.csproj", "{43B41115-1675-4B37-BCF8-340A3ED13965}"
EndProject
Project("{9A19103F-16F7-4668-BE54-9A1E7A4F7556}") = "016", "chatGPT\t16\016.csproj", "{15E304D9-97E3-4C4C-B90D-CD3F3948F24A}"
EndProject
Project("{9A19103F-16F7-4668-BE54-9A1E7A4F7556}") = "017", "chatGPT\t17\017.csproj", "{B046A07A-0B39-4A69-AFC0-3F08724A04AE}"
EndProject
Project("{9A19103F-16F7-4668-BE54-9A1E7A4F7556}") = "018", "chatGPT\t18\018.csproj", "{C56C3A0F-DC5A-48AF-B7A3-3DB36BD9F803}"
EndProject
Project("{9A19103F-16F7-4668-BE54-9A1E7A4F7556}") = "019", "chatGPT\t19\019.csproj", "{91E78657-C508-455A-A247-FAC1AA43D375}"
EndProject
Project("{9A19103F-16F7-4668-BE54-9A1E7A4F7556}") = "02", "chatGPT\t2\02.csproj", "{39FB84A9-342C-4FDF-BDCA-648FD057C53C}"
EndProject
Project("{9A19103F-16F7-4668-BE54-9A1E7A4F7556}") = "020", "chatGPT\t20\020.csproj", "{4784CCCA-8E15-4EFB-BBCE-ABC71E3C3C95}"
EndProject
Project("{9A19103F-16F7-4668-BE54-9A1E7A4F7556}") = "021", "chatGPT\t21\021.csproj", "{3546BB96-973B-4E52-BA2F-9526ECFA087F}"
EndProject
Project("{9A19103F-16F7-4668-BE54-9A1E7A4F7556}") = "022", "chatGPT\t22\022.csproj", "{B10E0F06-3095-4526-A5B6-6C3063916478}"
EndProject
Project("{9A19103F-16F7-4668-BE54-9A1E7A4F7556}") = "023", "chatGPT\t23\023.csproj", "{495D757F-87BC-499B-9980-CC84DA678974}"
EndProject
Project("{9A19103F-16F7-4668-BE54-9A1E7A4F7556}") = "024", "chatGPT\t24\024.csproj", "{F9C96D3F-3C90-4F6B-B064-B3F64B468A20}"
EndProject
Project("{9A19103F-16F7-4668-BE54-9A1E7A4F7556}") = "025", "chatGPT\t25\025.csproj", "{3E590109-70F4-41E5-95EA-A4C7853B9F75}"
EndProject
Project("{9A19103F-16F7-4668-BE54-9A1E7A4F7556}") = "026", "chatGPT\t26\026.csproj", "{9738DEA1-DD8C-4F92-B78F-426088E49A32}"
EndProject
Project("{9A19103F-16F7-4668-BE54-9A1E7A4F7556}") = "027", "chatGPT\t27\027.csproj", "{4BA61198-4CA7-476E-B333-11A331BA67E1}"
EndProject
Project("{9A19103F-16F7-4668-BE54-9A1E7A4F7556}") = "028", "chatGPT\t28\028.csproj", "{78439792-679B-43DA-8214-A1F828E22930}"
EndProject
Project("{9A19103F-16F7-4668-BE54-9A1E7A4F7556}") = "029", "chatGPT\t29\029.csproj", "{7E9A401C-E5B4-4A5F-B694-FC44BF8A56BF}"
EndProject
Project("{9A19103F-16F7-4668-BE54-9A1E7A4F7556}") = "03", "chatGPT\t3\03.csproj", "{1054F7FD-DE90-4667-A382-3373D3822748}"
EndProject
Project("{9A19103F-16F7-4668-BE54-9A1E7A4F7556}") = "030", "chatGPT\t30\030.csproj", "{3CDD80D2-64FC-493D-B1C0-1B494000105A}"
EndProject
Project("{9A19103F-16F7-4668-BE54-9A1E7A4F7556}") = "031", "chatGPT\t31\031.csproj", "{8D78C95D-E982-4EB1-8C0C-919E924745F1}"
EndProject
Project("{9A19103F-16F7-4668-BE54-9A1E7A4F7556}") = "032", "chatGPT\t32\032.csproj", "{4AC51A84-5FAD-44DC-BADE-16A684E586E7}"
EndProject
Project("{9A19103F-16F7-4668-BE54-9A1E7A4F7556}") = "033", "chatGPT\t33\033.csproj", "{FC000CD2-CEFF-4A2A-8D3D-5F48BD6AEDA8}"
EndProject
Project("{9A19103F-16F7-4668-BE54-9A1E7A4F7556}") = "034", "chatGPT\t34\034.csproj", "{DDC90073-BF4A-4857-94F1-DECDEE42E1D1}"
EndProject
Project("{9A19103F-16F7-4668-BE54-9A1E7A4F7556}") = "035", "chatGPT\t35\035.csproj", "{D1E0AA15-A781-4ABE-A6D8-E6F815316315}"
EndProject
Project("{9A19103F-16F7-4668-BE54-9A1E7A4F7556}") = "036", "chatGPT\t36\036.csproj", "{FF2CEAAC-685E-4C0B-B6B8-67A03084B93E}"
EndProject
Project("{9A19103F-16F7-4668-BE54-9A1E7A4F7556}") = "037", "chatGPT\t37\037.csproj", "{C6AB866E-127E-4ECC-876D-04A8D0BD8D7F}"
EndProject
Project("{9A19103F-16F7-4668-BE54-9A1E7A4F7556}") = "038", "chatGPT\t38\038.csproj", "{4B0C649B-82D1-476E-8693-EC203FDABAAA}"
EndProject
Project("{9A19103F-16F7-4668-BE54-9A1E7A4F7556}") = "039", "chatGPT\t39\039.csproj", "{45EF5C97-0D53-42FE-B48B-69DF61F1F5DA}"
EndProject
Project("{9A19103F-16F7-4668-BE54-9A1E7A4F7556}") = "04", "chatGPT\t4\04.csproj", "{778A1202-7D81-4F49-B3BB-78113D179778}"
EndProject
Project("{9A19103F-16F7-4668-BE54-9A1E7A4F7556}") = "040", "chatGPT\t40\040.csproj", "{8B44F20C-0551-48F9-AE96-30B79D9FF973}"
EndProject
Project("{9A19103F-16F7-4668-BE54-9A1E7A4F7556}") = "041", "chatGPT\t41\041.csproj", "{5206954A-391C-49E9-AEAD-89B1CDAC7E91}"
EndProject
Project("{9A19103F-16F7-4668-BE54-9A1E7A4F7556}") = "042", "chatGPT\t42\042.csproj", "{19BB5A28-3AAE-4278-B7FF-6F3431AC0E1A}"
EndProject
Project("{9A19103F-16F7-4668-BE54-9A1E7A4F7556}") = "043", "chatGPT\t43\043.csproj", "{23D695F9-DEAB-4AB3-8A60-62CBFDE4BA14}"
EndProject
Project("{9A19103F-16F7-4668-BE54-9A1E7A4F7556}") = "044", "chatGPT\t44\044.csproj", "{4DDDD97F-5E3B-4535-9D4C-53CE5776EFC9}"
EndProject
Project("{9A19103F-16F7-4668-BE54-9A1E7A4F7556}") = "045", "chatGPT\t45\045.csproj", "{21A6AD06-7B74-4AE0-9587-809C9E4F3BB8}"
EndProject
Project("{9A19103F-16F7-4668-BE54-9A1E7A4F7556}") = "046", "chatGPT\t46\046.csproj", "{12690DF5-A0B9-4337-A2DA-A3839013DF37}"
EndProject
Project("{9A19103F-16F7-4668-BE54-9A1E7A4F7556}") = "047", "chatGPT\t47\047.csproj", "{45A2C3BA-29F8-49A0-8B8D-DA78CFBE9096}"
EndProject
Project("{9A19103F-16F7-4668-BE54-9A1E7A4F7556}") = "048", "chatGPT\t48\048.csproj", "{2AFFCFFF-0DE5-4E76-8DA7-5E8DE7322218}"
EndProject
Project("{9A19103F-16F7-4668-BE54-9A1E7A4F7556}") = "049", "chatGPT\t49\049.csproj", "{3FFD62DA-9E40-410B-8EE4-FABA1E5943CE}"
EndProject
Project("{9A19103F-16F7-4668-BE54-9A1E7A4F7556}") = "05", "chatGPT\t5\05.csproj", "{CA310F6D-70F6-4DAC-B167-B951B26AAECA}"
EndProject
Project("{9A19103F-16F7-4668-BE54-9A1E7A4F7556}") = "050", "chatGPT\t50\050.csproj", "{F011F8D7-4225-4B88-8FA5-0FE088563131}"
EndProject
Project("{9A19103F-16F7-4668-BE54-9A1E7A4F7556}") = "06", "chatGPT\t6\06.csproj", "{E267611C-DE60-4096-8A82-82D6A98B850F}"
EndProject
Project("{9A19103F-16F7-4668-BE54-9A1E7A4F7556}") = "07", "chatGPT\t7\07.csproj", "{6073EAA5-9815-4274-A6D8-921C3BFB1DCF}"
EndProject
Project("{9A19103F-16F7-4668-BE54-9A1E7A4F7556}") = "08", "chatGPT\t8\08.csproj", "{5ACEAA82-ADFE-4792-8736-71B8EAB70E71}"
EndProject
Project("{9A19103F-16F7-4668-BE54-9A1E7A4F7556}") = "09", "chatGPT\t9\09.csproj", "{85E746BC-E71E-4051-A122-41C9956B7A29}"
EndProject
Project("{2150E333-8FDC-42A3-9474-1A3956D46DE8}") = "copilot", "copilot", "{A16FF45E-5366-4536-9723-C27078F39202}"
EndProject
Project("{9A19103F-16F7-4668-BE54-9A1E7A4F7556}") = "01", "copilot\t1\01.csproj", "{2C3DE65F-D2E7-4A96-B57E-8FE5BA3DC16D}"
EndProject
Project("{9A19103F-16F7-4668-BE54-9A1E7A4F7556}") = "010", "copilot\t10\010.csproj", "{2F5DA5BF-9266-430D-B2AF-10BC8E822173}"
EndProject
Project("{9A19103F-16F7-4668-BE54-9A1E7A4F7556}") = "011", "copilot\t11\011.csproj", "{C9BAFA85-CD82-4E16-84BA-3CE1DC2F3726}"
EndProject
Project("{9A19103F-16F7-4668-BE54-9A1E7A4F7556}") = "012", "copilot\t12\012.csproj", "{6DA178A0-B336-440D-B49E-52D4C2D3B204}"
EndProject
Project("{9A19103F-16F7-4668-BE54-9A1E7A4F7556}") = "013", "copilot\t13\013.csproj", "{294B913F-DACE-485C-A713-819211A6FD4B}"
EndProject
Project("{9A19103F-16F7-4668-BE54-9A1E7A4F7556}") = "014", "copilot\t14\014.csproj", "{9A98649A-DC06-4220-9082-A6435A693D37}"
EndProject
Project("{9A19103F-16F7-4668-BE54-9A1E7A4F7556}") = "015", "copilot\t15\015.csproj", "{05A26E58-C075-4369-BF1C-79EBF34E3ADD}"
EndProject
Project("{9A19103F-16F7-4668-BE54-9A1E7A4F7556}") = "016", "copilot\t16\016.csproj", "{08A96641-ACAC-4645-8DD6-FE22E67C012C}"
EndProject
Project("{9A19103F-16F7-4668-BE54-9A1E7A4F7556}") = "017", "copilot\t17\017.csproj", "{A76D5FAF-D41B-4C72-B7C4-78F7792B722C}"
EndProject
Project("{9A19103F-16F7-4668-BE54-9A1E7A4F7556}") = "018", "copilot\t18\018.csproj", "{963C4FFF-DBCC-40E2-B701-3B9385F522E6}"
EndProject
Project("{9A19103F-16F7-4668-BE54-9A1E7A4F7556}") = "019", "copilot\t19\019.csproj", "{3BE6BF5A-355A-47A7-B9F1-A71E472FC617}"
EndProject
Project("{9A19103F-16F7-4668-BE54-9A1E7A4F7556}") = "02", "copilot\t2\02.csproj", "{FAF5B069-508E-4274-B331-6069BF9D4849}"
EndProject
Project("{9A19103F-16F7-4668-BE54-9A1E7A4F7556}") = "020", "copilot\t20\020.csproj", "{36829BC9-5CF9-40EA-BC26-0BA1460DE7F2}"
EndProject
Project("{9A19103F-16F7-4668-BE54-9A1E7A4F7556}") = "021", "copilot\t21\021.csproj", "{FE41A545-B8A6-41BF-928B-EB1D4CEE3F5D}"
EndProject
Project("{9A19103F-16F7-4668-BE54-9A1E7A4F7556}") = "022", "copilot\t22\022.csproj", "{8D29F8B1-B529-4032-B2ED-A7846834AD85}"
EndProject
Project("{9A19103F-16F7-4668-BE54-9A1E7A4F7556}") = "023", "copilot\t23\023.csproj", "{EE196E3C-45B0-4DB4-8954-3B39CA47F0D3}"
EndProject
Project("{9A19103F-16F7-4668-BE54-9A1E7A4F7556}") = "024", "copilot\t24\024.csproj", "{41674F5C-F56A-45A6-B75C-61C788282CC6}"
EndProject
Project("{9A19103F-16F7-4668-BE54-9A1E7A4F7556}") = "025", "copilot\t25\025.csproj", "{E16F5B08-EAB3-4E57-9E65-306AA4BEB1C8}"
EndProject
Project("{9A19103F-16F7-4668-BE54-9A1E7A4F7556}") = "026", "copilot\t26\026.csproj", "{8F0BE70F-114A-4146-B44C-D2EE867FA7DD}"
EndProject
Project("{9A19103F-16F7-4668-BE54-9A1E7A4F7556}") = "027", "copilot\t27\027.csproj", "{991FE9CE-F279-4C4D-973D-706DD8E3C32A}"
EndProject
Project("{9A19103F-16F7-4668-BE54-9A1E7A4F7556}") = "028", "copilot\t28\028.csproj", "{AC4D3B12-3CCC-4E4C-8F24-C63E5CE91091}"
EndProject
Project("{9A19103F-16F7-4668-BE54-9A1E7A4F7556}") = "029", "copilot\t29\029.csproj", "{CC4E3595-AEDA-4DFB-BAA3-0E3336E25DF6}"
EndProject
Project("{9A19103F-16F7-4668-BE54-9A1E7A4F7556}") = "03", "copilot\t3\03.csproj", "{2514EECB-D02D-4F74-A519-BE7DF2CA46A8}"
EndProject
Project("{9A19103F-16F7-4668-BE54-9A1E7A4F7556}") = "030", "copilot\t30\030.csproj", "{C54FAB98-8523-45AB-A293-EB6E3F5CC3E1}"
EndProject
Project("{9A19103F-16F7-4668-BE54-9A1E7A4F7556}") = "031", "copilot\t31\031.csproj", "{FFB7A267-BD40-4EB9-AA8A-982D7265C939}"
EndProject
Project("{9A19103F-16F7-4668-BE54-9A1E7A4F7556}") = "032", "copilot\t32\032.csproj", "{705C4604-4F64-40D4-A9C8-181666440B04}"
EndProject
Project("{9A19103F-16F7-4668-BE54-9A1E7A4F7556}") = "033", "copilot\t33\033.csproj", "{A84BB0B9-EAF9-4BA1-9F76-7C43497F9B84}"
EndProject
Project("{9A19103F-16F7-4668-BE54-9A1E7A4F7556}") = "034", "copilot\t34\034.csproj", "{6FB34259-9D0F-47F2-8537-B03349F35CFB}"
EndProject
Project("{9A19103F-16F7-4668-BE54-9A1E7A4F7556}") = "035", "copilot\t35\035.csproj", "{525B5F03-1B04-40FB-824D-F60E07FE38C3}"
EndProject
Project("{9A19103F-16F7-4668-BE54-9A1E7A4F7556}") = "036", "copilot\t36\036.csproj", "{9DEA0340-40A4-4422-974E-CBB19B81ACD2}"
EndProject
Project("{9A19103F-16F7-4668-BE54-9A1E7A4F7556}") = "037", "copilot\t37\037.csproj", "{DC9976F7-29EA-42B0-88DE-F3229987CE83}"
EndProject
Project("{9A19103F-16F7-4668-BE54-9A1E7A4F7556}") = "038", "copilot\t38\038.csproj", "{545A07BF-EA23-4596-BA52-40FB51709EF7}"
EndProject
Project("{9A19103F-16F7-4668-BE54-9A1E7A4F7556}") = "039", "copilot\t39\039.csproj", "{1AFD95B0-FA77-448B-8766-F538B1FED5D8}"
EndProject
Project("{9A19103F-16F7-4668-BE54-9A1E7A4F7556}") = "04", "copilot\t4\04.csproj", "{A5C9C2B3-0D7E-41DC-82F7-6085A573CFFC}"
EndProject
Project("{9A19103F-16F7-4668-BE54-9A1E7A4F7556}") = "040", "copilot\t40\040.csproj", "{E26986AF-EE26-40E5-97CC-5F98ACB6A387}"
EndProject
Project("{9A19103F-16F7-4668-BE54-9A1E7A4F7556}") = "041", "copilot\t41\041.csproj", "{AF61EBB4-687D-4BFA-A65A-6FB3C1C60E39}"
EndProject
Project("{9A19103F-16F7-4668-BE54-9A1E7A4F7556}") = "042", "copilot\t42\042.csproj", "{E4B85E6F-15EE-4D7E-8FCB-26A8484837B4}"
EndProject
Project("{9A19103F-16F7-4668-BE54-9A1E7A4F7556}") = "043", "copilot\t43\043.csproj", "{F289156A-34BF-4B24-89AB-7576A0F51417}"
EndProject
Project("{9A19103F-16F7-4668-BE54-9A1E7A4F7556}") = "044", "copilot\t44\044.csproj", "{E7C27012-2A6C-45C9-BCC8-0C3F2403E896}"
EndProject
Project("{9A19103F-16F7-4668-BE54-9A1E7A4F7556}") = "045", "copilot\t45\045.csproj", "{0D60E3A2-CF2A-4DEE-B27C-FB5EDADAE48E}"
EndProject
Project("{9A19103F-16F7-4668-BE54-9A1E7A4F7556}") = "046", "copilot\t46\046.csproj", "{08FAC26D-83EE-41F8-BDDD-07D97E346216}"
EndProject
Project("{9A19103F-16F7-4668-BE54-9A1E7A4F7556}") = "047", "copilot\t47\047.csproj", "{5EC7688C-7D35-4533-80E6-C754EE3B6B58}"
EndProject
Project("{9A19103F-16F7-4668-BE54-9A1E7A4F7556}") = "048", "copilot\t48\048.csproj", "{DADC9126-0B70-422E-9D2A-E19210D41809}"
EndProject
Project("{9A19103F-16F7-4668-BE54-9A1E7A4F7556}") = "049", "copilot\t49\049.csproj", "{F31DC965-DAAE-4EFE-8F62-517B3377F760}"
EndProject
Project("{9A19103F-16F7-4668-BE54-9A1E7A4F7556}") = "05", "copilot\t5\05.csproj", "{E2857548-F01D-4B2D-8875-05FD3A123C3C}"
EndProject
Project("{9A19103F-16F7-4668-BE54-9A1E7A4F7556}") = "050", "copilot\t50\050.csproj", "{4D5CD296-BFF7-43F0-B23B-972B96B5CBB5}"
EndProject
Project("{9A19103F-16F7-4668-BE54-9A1E7A4F7556}") = "06", "copilot\t6\06.csproj", "{F00CBAC6-FCD2-4840-87E3-6AC45B0224C8}"
EndProject
Project("{9A19103F-16F7-4668-BE54-9A1E7A4F7556}") = "07", "copilot\t7\07.csproj", "{B5D3B758-CCAB-407C-BC09-C405DD5C5100}"
EndProject
Project("{9A19103F-16F7-4668-BE54-9A1E7A4F7556}") = "08", "copilot\t8\08.csproj", "{8151E3DA-0303-4A64-96CE-BB9C7750C705}"
EndProject
Project("{9A19103F-16F7-4668-BE54-9A1E7A4F7556}") = "09", "copilot\t9\09.csproj", "{D0A865B8-62F6-48D9-A294-FF03ECF97691}"
EndProject
Project("{2150E333-8FDC-42A3-9474-1A3956D46DE8}") = "studentscodes", "studentscodes", "{F3A4CEED-F2B4-47B6-B5C1-3B5EF4BA8636}"
EndProject
Project("{9A19103F-16F7-4668-BE54-9A1E7A4F7556}") = "01", "studentscodes\code1\01.csproj", "{008CF68E-6075-44DD-8F36-192A37420038}"
EndProject
Project("{9A19103F-16F7-4668-BE54-9A1E7A4F7556}") = "010", "studentscodes\code10\010.csproj", "{2BE9F9F9-44B9-426D-B0D8-82934A4B7897}"
EndProject
Project("{9A19103F-16F7-4668-BE54-9A1E7A4F7556}") = "011", "studentscodes\code11\011.csproj", "{AAE683FD-A149-4563-B83F-6DD8A02A07FC}"
EndProject
Project("{9A19103F-16F7-4668-BE54-9A1E7A4F7556}") = "012", "studentscodes\code12\012.csproj", "{96F13BD1-E8CF-4AA5-BFFF-4AB8A4EF27FD}"
EndProject
Project("{9A19103F-16F7-4668-BE54-9A1E7A4F7556}") = "013", "studentscodes\code13\013.csproj", "{3300490B-BD0A-4AF0-ACA0-098AF6786831}"
EndProject
Project("{9A19103F-16F7-4668-BE54-9A1E7A4F7556}") = "014", "studentscodes\code14\014.csproj", "{854E458C-04FC-42AC-BA4D-1760C331FB9D}"
EndProject
Project("{9A19103F-16F7-4668-BE54-9A1E7A4F7556}") = "015", "studentscodes\code15\015.csproj", "{4B24D383-C7F4-4D0C-9FFB-3A6B62503C59}"
EndProject
Project("{9A19103F-16F7-4668-BE54-9A1E7A4F7556}") = "016", "studentscodes\code16\016.csproj", "{2E99CC8F-18DA-4738-9B1E-285CAEF4C68A}"
EndProject
Project("{9A19103F-16F7-4668-BE54-9A1E7A4F7556}") = "017", "studentscodes\code17\017.csproj", "{DC2BD2B4-4DAC-4646-BA33-A5FAF52462FF}"
EndProject
Project("{9A19103F-16F7-4668-BE54-9A1E7A4F7556}") = "018", "studentscodes\code18\018.csproj", "{9B2FF07F-EC72-4C28-A244-2F5989AA48FD}"
EndProject
Project("{9A19103F-16F7-4668-BE54-9A1E7A4F7556}") = "019", "studentscodes\code19\019.csproj", "{A9864622-FACD-4590-9B26-CBF70E1048DA}"
EndProject
Project("{9A19103F-16F7-4668-BE54-9A1E7A4F7556}") = "02", "studentscodes\code2\02.csproj", "{5416B664-161B-41E7-B3C7-BB26AD0BA819}"
EndProject
Project("{9A19103F-16F7-4668-BE54-9A1E7A4F7556}") = "020", "studentscodes\code20\020.csproj", "{702D1D9E-F386-4EB1-8D42-F70F558CD599}"
EndProject
Project("{9A19103F-16F7-4668-BE54-9A1E7A4F7556}") = "021", "studentscodes\code21\021.csproj", "{3EAD339F-3732-4585-8C49-8E4C0CF30B65}"
EndProject
Project("{9A19103F-16F7-4668-BE54-9A1E7A4F7556}") = "022", "studentscodes\code22\022.csproj", "{46820795-FFF2-4D07-8207-48BFBBD637A5}"
EndProject
Project("{9A19103F-16F7-4668-BE54-9A1E7A4F7556}") = "023", "studentscodes\code23\023.csproj", "{361DB4D1-761D-4D65-9B99-0CB868814B31}"
EndProject
Project("{9A19103F-16F7-4668-BE54-9A1E7A4F7556}") = "03", "studentscodes\code3\03.csproj", "{B1F7505D-9B0F-4876-81A4-738AC562E6E1}"
EndProject
Project("{9A19103F-16F7-4668-BE54-9A1E7A4F7556}") = "04", "studentscodes\code4\04.csproj", "{3DFB8D01-DFF8-4D76-AEDA-234708B75021}"
EndProject
Project("{9A19103F-16F7-4668-BE54-9A1E7A4F7556}") = "05", "studentscodes\code5\05.csproj", "{07E39AA0-A86E-4A7F-B9DE-B1F924297FA8}"
EndProject
Project("{9A19103F-16F7-4668-BE54-9A1E7A4F7556}") = "06", "studentscodes\code6\06.csproj", "{93275272-A00D-459E-9036-AF397DB6353B}"
EndProject
Project("{9A19103F-16F7-4668-BE54-9A1E7A4F7556}") = "07", "studentscodes\code7\07.csproj", "{EF4E1492-8433-4653-AC9C-BA7FEA4BD2AB}"
EndProject
Project("{9A19103F-16F7-4668-BE54-9A1E7A4F7556}") = "08", "studentscodes\code8\08.csproj", "{FB66A5D5-7114-4054-B841-DB9F000389DE}"
EndProject
Project("{9A19103F-16F7-4668-BE54-9A1E7A4F7556}") = "09", "studentscodes\code9\09.csproj", "{7FBBDADA-B6D3-426D-869D-8FC365F35C9B}"
EndProject
Global
	GlobalSection(SolutionConfigurationPlatforms) = preSolution
		Debug|Any CPU = Debug|Any CPU
		Release|Any CPU = Release|Any CPU
	EndGlobalSection
	GlobalSection(ProjectConfigurationPlatforms) = postSolution
		{81476289-AA21-46FA-B676-224ECDD45AFD}.Debug|Any CPU.ActiveCfg = Debug|Any CPU
		{81476289-AA21-46FA-B676-224ECDD45AFD}.Debug|Any CPU.Build.0 = Debug|Any CPU
		{81476289-AA21-46FA-B676-224ECDD45AFD}.Release|Any CPU.ActiveCfg = Release|Any CPU
		{81476289-AA21-46FA-B676-224ECDD45AFD}.Release|Any CPU.Build.0 = Release|Any CPU
		{10D3F4BE-3569-40A7-B0EF-CD4D844728F8}.Debug|Any CPU.ActiveCfg = Debug|Any CPU
		{10D3F4BE-3569-40A7-B0EF-CD4D844728F8}.Debug|Any CPU.Build.0 = Debug|Any CPU
		{10D3F4BE-3569-40A7-B0EF-CD4D844728F8}.Release|Any CPU.ActiveCfg = Release|Any CPU
		{10D3F4BE-3569-40A7-B0EF-CD4D844728F8}.Release|Any CPU.Build.0 = Release|Any CPU
		{9092884D-D6C1-465F-8BA5-FBC71CCA651F}.Debug|Any CPU.ActiveCfg = Debug|Any CPU
		{9092884D-D6C1-465F-8BA5-FBC71CCA651F}.Debug|Any CPU.Build.0 = Debug|Any CPU
		{9092884D-D6C1-465F-8BA5-FBC71CCA651F}.Release|Any CPU.ActiveCfg = Release|Any CPU
		{9092884D-D6C1-465F-8BA5-FBC71CCA651F}.Release|Any CPU.Build.0 = Release|Any CPU
		{53C302AC-C76B-480E-A737-21D3E5184EFF}.Debug|Any CPU.ActiveCfg = Debug|Any CPU
		{53C302AC-C76B-480E-A737-21D3E5184EFF}.Debug|Any CPU.Build.0 = Debug|Any CPU
		{53C302AC-C76B-480E-A737-21D3E5184EFF}.Release|Any CPU.ActiveCfg = Release|Any CPU
		{53C302AC-C76B-480E-A737-21D3E5184EFF}.Release|Any CPU.Build.0 = Release|Any CPU
		{26B547F6-3F53-447A-BA7C-408D55330D32}.Debug|Any CPU.ActiveCfg = Debug|Any CPU
		{26B547F6-3F53-447A-BA7C-408D55330D32}.Debug|Any CPU.Build.0 = Debug|Any CPU
		{26B547F6-3F53-447A-BA7C-408D55330D32}.Release|Any CPU.ActiveCfg = Release|Any CPU
		{26B547F6-3F53-447A-BA7C-408D55330D32}.Release|Any CPU.Build.0 = Release|Any CPU
		{7C9B515B-CACA-47A4-A19E-FFBBB38DAEE3}.Debug|Any CPU.ActiveCfg = Debug|Any CPU
		{7C9B515B-CACA-47A4-A19E-FFBBB38DAEE3}.Debug|Any CPU.Build.0 = Debug|Any CPU
		{7C9B515B-CACA-47A4-A19E-FFBBB38DAEE3}.Release|Any CPU.ActiveCfg = Release|Any CPU
		{7C9B515B-CACA-47A4-A19E-FFBBB38DAEE3}.Release|Any CPU.Build.0 = Release|Any CPU
		{D66DB958-758E-48E1-B2FE-3AECCA45336A}.Debug|Any CPU.ActiveCfg = Debug|Any CPU
		{D66DB958-758E-48E1-B2FE-3AECCA45336A}.Debug|Any CPU.Build.0 = Debug|Any CPU
		{D66DB958-758E-48E1-B2FE-3AECCA45336A}.Release|Any CPU.ActiveCfg = Release|Any CPU
		{D66DB958-758E-48E1-B2FE-3AECCA45336A}.Release|Any CPU.Build.0 = Release|Any CPU
		{51B0F53A-5DD5-4A9E-ADAD-91E73584E83C}.Debug|Any CPU.ActiveCfg = Debug|Any CPU
		{51B0F53A-5DD5-4A9E-ADAD-91E73584E83C}.Debug|Any CPU.Build.0 = Debug|Any CPU
		{51B0F53A-5DD5-4A9E-ADAD-91E73584E83C}.Release|Any CPU.ActiveCfg = Release|Any CPU
		{51B0F53A-5DD5-4A9E-ADAD-91E73584E83C}.Release|Any CPU.Build.0 = Release|Any CPU
		{43B41115-1675-4B37-BCF8-340A3ED13965}.Debug|Any CPU.ActiveCfg = Debug|Any CPU
		{43B41115-1675-4B37-BCF8-340A3ED13965}.Debug|Any CPU.Build.0 = Debug|Any CPU
		{43B41115-1675-4B37-BCF8-340A3ED13965}.Release|Any CPU.ActiveCfg = Release|Any CPU
		{43B41115-1675-4B37-BCF8-340A3ED13965}.Release|Any CPU.Build.0 = Release|Any CPU
		{15E304D9-97E3-4C4C-B90D-CD3F3948F24A}.Debug|Any CPU.ActiveCfg = Debug|Any CPU
		{15E304D9-97E3-4C4C-B90D-CD3F3948F24A}.Debug|Any CPU.Build.0 = Debug|Any CPU
		{15E304D9-97E3-4C4C-B90D-CD3F3948F24A}.Release|Any CPU.ActiveCfg = Release|Any CPU
		{15E304D9-97E3-4C4C-B90D-CD3F3948F24A}.Release|Any CPU.Build.0 = Release|Any CPU
		{B046A07A-0B39-4A69-AFC0-3F08724A04AE}.Debug|Any CPU.ActiveCfg = Debug|Any CPU
		{B046A07A-0B39-4A69-AFC0-3F08724A04AE}.Debug|Any CPU.Build.0 = Debug|Any CPU
		{B046A07A-0B39-4A69-AFC0-3F08724A04AE}.Release|Any CPU.ActiveCfg = Release|Any CPU
		{B046A07A-0B39-4A69-AFC0-3F08724A04AE}.Release|Any CPU.Build.0 = Release|Any CPU
		{C56C3A0F-DC5A-48AF-B7A3-3DB36BD9F803}.Debug|Any CPU.ActiveCfg = Debug|Any CPU
		{C56C3A0F-DC5A-48AF-B7A3-3DB36BD9F803}.Debug|Any CPU.Build.0 = Debug|Any CPU
		{C56C3A0F-DC5A-48AF-B7A3-3DB36BD9F803}.Release|Any CPU.ActiveCfg = Release|Any CPU
		{C56C3A0F-DC5A-48AF-B7A3-3DB36BD9F803}.Release|Any CPU.Build.0 = Release|Any CPU
		{91E78657-C508-455A-A247-FAC1AA43D375}.Debug|Any CPU.ActiveCfg = Debug|Any CPU
		{91E78657-C508-455A-A247-FAC1AA43D375}.Debug|Any CPU.Build.0 = Debug|Any CPU
		{91E78657-C508-455A-A247-FAC1AA43D375}.Release|Any CPU.ActiveCfg = Release|Any CPU
		{91E78657-C508-455A-A247-FAC1AA43D375}.Release|Any CPU.Build.0 = Release|Any CPU
		{39FB84A9-342C-4FDF-BDCA-648FD057C53C}.Debug|Any CPU.ActiveCfg = Debug|Any CPU
		{39FB84A9-342C-4FDF-BDCA-648FD057C53C}.Debug|Any CPU.Build.0 = Debug|Any CPU
		{39FB84A9-342C-4FDF-BDCA-648FD057C53C}.Release|Any CPU.ActiveCfg = Release|Any CPU
		{39FB84A9-342C-4FDF-BDCA-648FD057C53C}.Release|Any CPU.Build.0 = Release|Any CPU
		{4784CCCA-8E15-4EFB-BBCE-ABC71E3C3C95}.Debug|Any CPU.ActiveCfg = Debug|Any CPU
		{4784CCCA-8E15-4EFB-BBCE-ABC71E3C3C95}.Debug|Any CPU.Build.0 = Debug|Any CPU
		{4784CCCA-8E15-4EFB-BBCE-ABC71E3C3C95}.Release|Any CPU.ActiveCfg = Release|Any CPU
		{4784CCCA-8E15-4EFB-BBCE-ABC71E3C3C95}.Release|Any CPU.Build.0 = Release|Any CPU
		{3546BB96-973B-4E52-BA2F-9526ECFA087F}.Debug|Any CPU.ActiveCfg = Debug|Any CPU
		{3546BB96-973B-4E52-BA2F-9526ECFA087F}.Debug|Any CPU.Build.0 = Debug|Any CPU
		{3546BB96-973B-4E52-BA2F-9526ECFA087F}.Release|Any CPU.ActiveCfg = Release|Any CPU
		{3546BB96-973B-4E52-BA2F-9526ECFA087F}.Release|Any CPU.Build.0 = Release|Any CPU
		{B10E0F06-3095-4526-A5B6-6C3063916478}.Debug|Any CPU.ActiveCfg = Debug|Any CPU
		{B10E0F06-3095-4526-A5B6-6C3063916478}.Debug|Any CPU.Build.0 = Debug|Any CPU
		{B10E0F06-3095-4526-A5B6-6C3063916478}.Release|Any CPU.ActiveCfg = Release|Any CPU
		{B10E0F06-3095-4526-A5B6-6C3063916478}.Release|Any CPU.Build.0 = Release|Any CPU
		{495D757F-87BC-499B-9980-CC84DA678974}.Debug|Any CPU.ActiveCfg = Debug|Any CPU
		{495D757F-87BC-499B-9980-CC84DA678974}.Debug|Any CPU.Build.0 = Debug|Any CPU
		{495D757F-87BC-499B-9980-CC84DA678974}.Release|Any CPU.ActiveCfg = Release|Any CPU
		{495D757F-87BC-499B-9980-CC84DA678974}.Release|Any CPU.Build.0 = Release|Any CPU
		{F9C96D3F-3C90-4F6B-B064-B3F64B468A20}.Debug|Any CPU.ActiveCfg = Debug|Any CPU
		{F9C96D3F-3C90-4F6B-B064-B3F64B468A20}.Debug|Any CPU.Build.0 = Debug|Any CPU
		{F9C96D3F-3C90-4F6B-B064-B3F64B468A20}.Release|Any CPU.ActiveCfg = Release|Any CPU
		{F9C96D3F-3C90-4F6B-B064-B3F64B468A20}.Release|Any CPU.Build.0 = Release|Any CPU
		{3E590109-70F4-41E5-95EA-A4C7853B9F75}.Debug|Any CPU.ActiveCfg = Debug|Any CPU
		{3E590109-70F4-41E5-95EA-A4C7853B9F75}.Debug|Any CPU.Build.0 = Debug|Any CPU
		{3E590109-70F4-41E5-95EA-A4C7853B9F75}.Release|Any CPU.ActiveCfg = Release|Any CPU
		{3E590109-70F4-41E5-95EA-A4C7853B9F75}.Release|Any CPU.Build.0 = Release|Any CPU
		{9738DEA1-DD8C-4F92-B78F-426088E49A32}.Debug|Any CPU.ActiveCfg = Debug|Any CPU
		{9738DEA1-DD8C-4F92-B78F-426088E49A32}.Debug|Any CPU.Build.0 = Debug|Any CPU
		{9738DEA1-DD8C-4F92-B78F-426088E49A32}.Release|Any CPU.ActiveCfg = Release|Any CPU
		{9738DEA1-DD8C-4F92-B78F-426088E49A32}.Release|Any CPU.Build.0 = Release|Any CPU
		{4BA61198-4CA7-476E-B333-11A331BA67E1}.Debug|Any CPU.ActiveCfg = Debug|Any CPU
		{4BA61198-4CA7-476E-B333-11A331BA67E1}.Debug|Any CPU.Build.0 = Debug|Any CPU
		{4BA61198-4CA7-476E-B333-11A331BA67E1}.Release|Any CPU.ActiveCfg = Release|Any CPU
		{4BA61198-4CA7-476E-B333-11A331BA67E1}.Release|Any CPU.Build.0 = Release|Any CPU
		{78439792-679B-43DA-8214-A1F828E22930}.Debug|Any CPU.ActiveCfg = Debug|Any CPU
		{78439792-679B-43DA-8214-A1F828E22930}.Debug|Any CPU.Build.0 = Debug|Any CPU
		{78439792-679B-43DA-8214-A1F828E22930}.Release|Any CPU.ActiveCfg = Release|Any CPU
		{78439792-679B-43DA-8214-A1F828E22930}.Release|Any CPU.Build.0 = Release|Any CPU
		{7E9A401C-E5B4-4A5F-B694-FC44BF8A56BF}.Debug|Any CPU.ActiveCfg = Debug|Any CPU
		{7E9A401C-E5B4-4A5F-B694-FC44BF8A56BF}.Debug|Any CPU.Build.0 = Debug|Any CPU
		{7E9A401C-E5B4-4A5F-B694-FC44BF8A56BF}.Release|Any CPU.ActiveCfg = Release|Any CPU
		{7E9A401C-E5B4-4A5F-B694-FC44BF8A56BF}.Release|Any CPU.Build.0 = Release|Any CPU
		{1054F7FD-DE90-4667-A382-3373D3822748}.Debug|Any CPU.ActiveCfg = Debug|Any CPU
		{1054F7FD-DE90-4667-A382-3373D3822748}.Debug|Any CPU.Build.0 = Debug|Any CPU
		{1054F7FD-DE90-4667-A382-3373D3822748}.Release|Any CPU.ActiveCfg = Release|Any CPU
		{1054F7FD-DE90-4667-A382-3373D3822748}.Release|Any CPU.Build.0 = Release|Any CPU
		{3CDD80D2-64FC-493D-B1C0-1B494000105A}.Debug|Any CPU.ActiveCfg = Debug|Any CPU
		{3CDD80D2-64FC-493D-B1C0-1B494000105A}.Debug|Any CPU.Build.0 = Debug|Any CPU
		{3CDD80D2-64FC-493D-B1C0-1B494000105A}.Release|Any CPU.ActiveCfg = Release|Any CPU
		{3CDD80D2-64FC-493D-B1C0-1B494000105A}.Release|Any CPU.Build.0 = Release|Any CPU
		{8D78C95D-E982-4EB1-8C0C-919E924745F1}.Debug|Any CPU.ActiveCfg = Debug|Any CPU
		{8D78C95D-E982-4EB1-8C0C-919E924745F1}.Debug|Any CPU.Build.0 = Debug|Any CPU
		{8D78C95D-E982-4EB1-8C0C-919E924745F1}.Release|Any CPU.ActiveCfg = Release|Any CPU
		{8D78C95D-E982-4EB1-8C0C-919E924745F1}.Release|Any CPU.Build.0 = Release|Any CPU
		{4AC51A84-5FAD-44DC-BADE-16A684E586E7}.Debug|Any CPU.ActiveCfg = Debug|Any CPU
		{4AC51A84-5FAD-44DC-BADE-16A684E586E7}.Debug|Any CPU.Build.0 = Debug|Any CPU
		{4AC51A84-5FAD-44DC-BADE-16A684E586E7}.Release|Any CPU.ActiveCfg = Release|Any CPU
		{4AC51A84-5FAD-44DC-BADE-16A684E586E7}.Release|Any CPU.Build.0 = Release|Any CPU
		{FC000CD2-CEFF-4A2A-8D3D-5F48BD6AEDA8}.Debug|Any CPU.ActiveCfg = Debug|Any CPU
		{FC000CD2-CEFF-4A2A-8D3D-5F48BD6AEDA8}.Debug|Any CPU.Build.0 = Debug|Any CPU
		{FC000CD2-CEFF-4A2A-8D3D-5F48BD6AEDA8}.Release|Any CPU.ActiveCfg = Release|Any CPU
		{FC000CD2-CEFF-4A2A-8D3D-5F48BD6AEDA8}.Release|Any CPU.Build.0 = Release|Any CPU
		{DDC90073-BF4A-4857-94F1-DECDEE42E1D1}.Debug|Any CPU.ActiveCfg = Debug|Any CPU
		{DDC90073-BF4A-4857-94F1-DECDEE42E1D1}.Debug|Any CPU.Build.0 = Debug|Any CPU
		{DDC90073-BF4A-4857-94F1-DECDEE42E1D1}.Release|Any CPU.ActiveCfg = Release|Any CPU
		{DDC90073-BF4A-4857-94F1-DECDEE42E1D1}.Release|Any CPU.Build.0 = Release|Any CPU
		{D1E0AA15-A781-4ABE-A6D8-E6F815316315}.Debug|Any CPU.ActiveCfg = Debug|Any CPU
		{D1E0AA15-A781-4ABE-A6D8-E6F815316315}.Debug|Any CPU.Build.0 = Debug|Any CPU
		{D1E0AA15-A781-4ABE-A6D8-E6F815316315}.Release|Any CPU.ActiveCfg = Release|Any CPU
		{D1E0AA15-A781-4ABE-A6D8-E6F815316315}.Release|Any CPU.Build.0 = Release|Any CPU
		{FF2CEAAC-685E-4C0B-B6B8-67A03084B93E}.Debug|Any CPU.ActiveCfg = Debug|Any CPU
		{FF2CEAAC-685E-4C0B-B6B8-67A03084B93E}.Debug|Any CPU.Build.0 = Debug|Any CPU
		{FF2CEAAC-685E-4C0B-B6B8-67A03084B93E}.Release|Any CPU.ActiveCfg = Release|Any CPU
		{FF2CEAAC-685E-4C0B-B6B8-67A03084B93E}.Release|Any CPU.Build.0 = Release|Any CPU
		{C6AB866E-127E-4ECC-876D-04A8D0BD8D7F}.Debug|Any CPU.ActiveCfg = Debug|Any CPU
		{C6AB866E-127E-4ECC-876D-04A8D0BD8D7F}.Debug|Any CPU.Build.0 = Debug|Any CPU
		{C6AB866E-127E-4ECC-876D-04A8D0BD8D7F}.Release|Any CPU.ActiveCfg = Release|Any CPU
		{C6AB866E-127E-4ECC-876D-04A8D0BD8D7F}.Release|Any CPU.Build.0 = Release|Any CPU
		{4B0C649B-82D1-476E-8693-EC203FDABAAA}.Debug|Any CPU.ActiveCfg = Debug|Any CPU
		{4B0C649B-82D1-476E-8693-EC203FDABAAA}.Debug|Any CPU.Build.0 = Debug|Any CPU
		{4B0C649B-82D1-476E-8693-EC203FDABAAA}.Release|Any CPU.ActiveCfg = Release|Any CPU
		{4B0C649B-82D1-476E-8693-EC203FDABAAA}.Release|Any CPU.Build.0 = Release|Any CPU
		{45EF5C97-0D53-42FE-B48B-69DF61F1F5DA}.Debug|Any CPU.ActiveCfg = Debug|Any CPU
		{45EF5C97-0D53-42FE-B48B-69DF61F1F5DA}.Debug|Any CPU.Build.0 = Debug|Any CPU
		{45EF5C97-0D53-42FE-B48B-69DF61F1F5DA}.Release|Any CPU.ActiveCfg = Release|Any CPU
		{45EF5C97-0D53-42FE-B48B-69DF61F1F5DA}.Release|Any CPU.Build.0 = Release|Any CPU
		{778A1202-7D81-4F49-B3BB-78113D179778}.Debug|Any CPU.ActiveCfg = Debug|Any CPU
		{778A1202-7D81-4F49-B3BB-78113D179778}.Debug|Any CPU.Build.0 = Debug|Any CPU
		{778A1202-7D81-4F49-B3BB-78113D179778}.Release|Any CPU.ActiveCfg = Release|Any CPU
		{778A1202-7D81-4F49-B3BB-78113D179778}.Release|Any CPU.Build.0 = Release|Any CPU
		{8B44F20C-0551-48F9-AE96-30B79D9FF973}.Debug|Any CPU.ActiveCfg = Debug|Any CPU
		{8B44F20C-0551-48F9-AE96-30B79D9FF973}.Debug|Any CPU.Build.0 = Debug|Any CPU
		{8B44F20C-0551-48F9-AE96-30B79D9FF973}.Release|Any CPU.ActiveCfg = Release|Any CPU
		{8B44F20C-0551-48F9-AE96-30B79D9FF973}.Release|Any CPU.Build.0 = Release|Any CPU
		{5206954A-391C-49E9-AEAD-89B1CDAC7E91}.Debug|Any CPU.ActiveCfg = Debug|Any CPU
		{5206954A-391C-49E9-AEAD-89B1CDAC7E91}.Debug|Any CPU.Build.0 = Debug|Any CPU
		{5206954A-391C-49E9-AEAD-89B1CDAC7E91}.Release|Any CPU.ActiveCfg = Release|Any CPU
		{5206954A-391C-49E9-AEAD-89B1CDAC7E91}.Release|Any CPU.Build.0 = Release|Any CPU
		{19BB5A28-3AAE-4278-B7FF-6F3431AC0E1A}.Debug|Any CPU.ActiveCfg = Debug|Any CPU
		{19BB5A28-3AAE-4278-B7FF-6F3431AC0E1A}.Debug|Any CPU.Build.0 = Debug|Any CPU
		{19BB5A28-3AAE-4278-B7FF-6F3431AC0E1A}.Release|Any CPU.ActiveCfg = Release|Any CPU
		{19BB5A28-3AAE-4278-B7FF-6F3431AC0E1A}.Release|Any CPU.Build.0 = Release|Any CPU
		{23D695F9-DEAB-4AB3-8A60-62CBFDE4BA14}.Debug|Any CPU.ActiveCfg = Debug|Any CPU
		{23D695F9-DEAB-4AB3-8A60-62CBFDE4BA14}.Debug|Any CPU.Build.0 = Debug|Any CPU
		{23D695F9-DEAB-4AB3-8A60-62CBFDE4BA14}.Release|Any CPU.ActiveCfg = Release|Any CPU
		{23D695F9-DEAB-4AB3-8A60-62CBFDE4BA14}.Release|Any CPU.Build.0 = Release|Any CPU
		{4DDDD97F-5E3B-4535-9D4C-53CE5776EFC9}.Debug|Any CPU.ActiveCfg = Debug|Any CPU
		{4DDDD97F-5E3B-4535-9D4C-53CE5776EFC9}.Debug|Any CPU.Build.0 = Debug|Any CPU
		{4DDDD97F-5E3B-4535-9D4C-53CE5776EFC9}.Release|Any CPU.ActiveCfg = Release|Any CPU
		{4DDDD97F-5E3B-4535-9D4C-53CE5776EFC9}.Release|Any CPU.Build.0 = Release|Any CPU
		{21A6AD06-7B74-4AE0-9587-809C9E4F3BB8}.Debug|Any CPU.ActiveCfg = Debug|Any CPU
		{21A6AD06-7B74-4AE0-9587-809C9E4F3BB8}.Debug|Any CPU.Build.0 = Debug|Any CPU
		{21A6AD06-7B74-4AE0-9587-809C9E4F3BB8}.Release|Any CPU.ActiveCfg = Release|Any CPU
		{21A6AD06-7B74-4AE0-9587-809C9E4F3BB8}.Release|Any CPU.Build.0 = Release|Any CPU
		{12690DF5-A0B9-4337-A2DA-A3839013DF37}.Debug|Any CPU.ActiveCfg = Debug|Any CPU
		{12690DF5-A0B9-4337-A2DA-A3839013DF37}.Debug|Any CPU.Build.0 = Debug|Any CPU
		{12690DF5-A0B9-4337-A2DA-A3839013DF37}.Release|Any CPU.ActiveCfg = Release|Any CPU
		{12690DF5-A0B9-4337-A2DA-A3839013DF37}.Release|Any CPU.Build.0 = Release|Any CPU
		{45A2C3BA-29F8-49A0-8B8D-DA78CFBE9096}.Debug|Any CPU.ActiveCfg = Debug|Any CPU
		{45A2C3BA-29F8-49A0-8B8D-DA78CFBE9096}.Debug|Any CPU.Build.0 = Debug|Any CPU
		{45A2C3BA-29F8-49A0-8B8D-DA78CFBE9096}.Release|Any CPU.ActiveCfg = Release|Any CPU
		{45A2C3BA-29F8-49A0-8B8D-DA78CFBE9096}.Release|Any CPU.Build.0 = Release|Any CPU
		{2AFFCFFF-0DE5-4E76-8DA7-5E8DE7322218}.Debug|Any CPU.ActiveCfg = Debug|Any CPU
		{2AFFCFFF-0DE5-4E76-8DA7-5E8DE7322218}.Debug|Any CPU.Build.0 = Debug|Any CPU
		{2AFFCFFF-0DE5-4E76-8DA7-5E8DE7322218}.Release|Any CPU.ActiveCfg = Release|Any CPU
		{2AFFCFFF-0DE5-4E76-8DA7-5E8DE7322218}.Release|Any CPU.Build.0 = Release|Any CPU
		{3FFD62DA-9E40-410B-8EE4-FABA1E5943CE}.Debug|Any CPU.ActiveCfg = Debug|Any CPU
		{3FFD62DA-9E40-410B-8EE4-FABA1E5943CE}.Debug|Any CPU.Build.0 = Debug|Any CPU
		{3FFD62DA-9E40-410B-8EE4-FABA1E5943CE}.Release|Any CPU.ActiveCfg = Release|Any CPU
		{3FFD62DA-9E40-410B-8EE4-FABA1E5943CE}.Release|Any CPU.Build.0 = Release|Any CPU
		{CA310F6D-70F6-4DAC-B167-B951B26AAECA}.Debug|Any CPU.ActiveCfg = Debug|Any CPU
		{CA310F6D-70F6-4DAC-B167-B951B26AAECA}.Debug|Any CPU.Build.0 = Debug|Any CPU
		{CA310F6D-70F6-4DAC-B167-B951B26AAECA}.Release|Any CPU.ActiveCfg = Release|Any CPU
		{CA310F6D-70F6-4DAC-B167-B951B26AAECA}.Release|Any CPU.Build.0 = Release|Any CPU
		{F011F8D7-4225-4B88-8FA5-0FE088563131}.Debug|Any CPU.ActiveCfg = Debug|Any CPU
		{F011F8D7-4225-4B88-8FA5-0FE088563131}.Debug|Any CPU.Build.0 = Debug|Any CPU
		{F011F8D7-4225-4B88-8FA5-0FE088563131}.Release|Any CPU.ActiveCfg = Release|Any CPU
		{F011F8D7-4225-4B88-8FA5-0FE088563131}.Release|Any CPU.Build.0 = Release|Any CPU
		{E267611C-DE60-4096-8A82-82D6A98B850F}.Debug|Any CPU.ActiveCfg = Debug|Any CPU
		{E267611C-DE60-4096-8A82-82D6A98B850F}.Debug|Any CPU.Build.0 = Debug|Any CPU
		{E267611C-DE60-4096-8A82-82D6A98B850F}.Release|Any CPU.ActiveCfg = Release|Any CPU
		{E267611C-DE60-4096-8A82-82D6A98B850F}.Release|Any CPU.Build.0 = Release|Any CPU
		{6073EAA5-9815-4274-A6D8-921C3BFB1DCF}.Debug|Any CPU.ActiveCfg = Debug|Any CPU
		{6073EAA5-9815-4274-A6D8-921C3BFB1DCF}.Debug|Any CPU.Build.0 = Debug|Any CPU
		{6073EAA5-9815-4274-A6D8-921C3BFB1DCF}.Release|Any CPU.ActiveCfg = Release|Any CPU
		{6073EAA5-9815-4274-A6D8-921C3BFB1DCF}.Release|Any CPU.Build.0 = Release|Any CPU
		{5ACEAA82-ADFE-4792-8736-71B8EAB70E71}.Debug|Any CPU.ActiveCfg = Debug|Any CPU
		{5ACEAA82-ADFE-4792-8736-71B8EAB70E71}.Debug|Any CPU.Build.0 = Debug|Any CPU
		{5ACEAA82-ADFE-4792-8736-71B8EAB70E71}.Release|Any CPU.ActiveCfg = Release|Any CPU
		{5ACEAA82-ADFE-4792-8736-71B8EAB70E71}.Release|Any CPU.Build.0 = Release|Any CPU
		{85E746BC-E71E-4051-A122-41C9956B7A29}.Debug|Any CPU.ActiveCfg = Debug|Any CPU
		{85E746BC-E71E-4051-A122-41C9956B7A29}.Debug|Any CPU.Build.0 = Debug|Any CPU
		{85E746BC-E71E-4051-A122-41C9956B7A29}.Release|Any CPU.ActiveCfg = Release|Any CPU
		{85E746BC-E71E-4051-A122-41C9956B7A29}.Release|Any CPU.Build.0 = Release|Any CPU
		{2C3DE65F-D2E7-4A96-B57E-8FE5BA3DC16D}.Debug|Any CPU.ActiveCfg = Debug|Any CPU
		{2C3DE65F-D2E7-4A96-B57E-8FE5BA3DC16D}.Debug|Any CPU.Build.0 = Debug|Any CPU
		{2C3DE65F-D2E7-4A96-B57E-8FE5BA3DC16D}.Release|Any CPU.ActiveCfg = Release|Any CPU
		{2C3DE65F-D2E7-4A96-B57E-8FE5BA3DC16D}.Release|Any CPU.Build.0 = Release|Any CPU
		{2F5DA5BF-9266-430D-B2AF-10BC8E822173}.Debug|Any CPU.ActiveCfg = Debug|Any CPU
		{2F5DA5BF-9266-430D-B2AF-10BC8E822173}.Debug|Any CPU.Build.0 = Debug|Any CPU
		{2F5DA5BF-9266-430D-B2AF-10BC8E822173}.Release|Any CPU.ActiveCfg = Release|Any CPU
		{2F5DA5BF-9266-430D-B2AF-10BC8E822173}.Release|Any CPU.Build.0 = Release|Any CPU
		{C9BAFA85-CD82-4E16-84BA-3CE1DC2F3726}.Debug|Any CPU.ActiveCfg = Debug|Any CPU
		{C9BAFA85-CD82-4E16-84BA-3CE1DC2F3726}.Debug|Any CPU.Build.0 = Debug|Any CPU
		{C9BAFA85-CD82-4E16-84BA-3CE1DC2F3726}.Release|Any CPU.ActiveCfg = Release|Any CPU
		{C9BAFA85-CD82-4E16-84BA-3CE1DC2F3726}.Release|Any CPU.Build.0 = Release|Any CPU
		{6DA178A0-B336-440D-B49E-52D4C2D3B204}.Debug|Any CPU.ActiveCfg = Debug|Any CPU
		{6DA178A0-B336-440D-B49E-52D4C2D3B204}.Debug|Any CPU.Build.0 = Debug|Any CPU
		{6DA178A0-B336-440D-B49E-52D4C2D3B204}.Release|Any CPU.ActiveCfg = Release|Any CPU
		{6DA178A0-B336-440D-B49E-52D4C2D3B204}.Release|Any CPU.Build.0 = Release|Any CPU
		{294B913F-DACE-485C-A713-819211A6FD4B}.Debug|Any CPU.ActiveCfg = Debug|Any CPU
		{294B913F-DACE-485C-A713-819211A6FD4B}.Debug|Any CPU.Build.0 = Debug|Any CPU
		{294B913F-DACE-485C-A713-819211A6FD4B}.Release|Any CPU.ActiveCfg = Release|Any CPU
		{294B913F-DACE-485C-A713-819211A6FD4B}.Release|Any CPU.Build.0 = Release|Any CPU
		{9A98649A-DC06-4220-9082-A6435A693D37}.Debug|Any CPU.ActiveCfg = Debug|Any CPU
		{9A98649A-DC06-4220-9082-A6435A693D37}.Debug|Any CPU.Build.0 = Debug|Any CPU
		{9A98649A-DC06-4220-9082-A6435A693D37}.Release|Any CPU.ActiveCfg = Release|Any CPU
		{9A98649A-DC06-4220-9082-A6435A693D37}.Release|Any CPU.Build.0 = Release|Any CPU
		{05A26E58-C075-4369-BF1C-79EBF34E3ADD}.Debug|Any CPU.ActiveCfg = Debug|Any CPU
		{05A26E58-C075-4369-BF1C-79EBF34E3ADD}.Debug|Any CPU.Build.0 = Debug|Any CPU
		{05A26E58-C075-4369-BF1C-79EBF34E3ADD}.Release|Any CPU.ActiveCfg = Release|Any CPU
		{05A26E58-C075-4369-BF1C-79EBF34E3ADD}.Release|Any CPU.Build.0 = Release|Any CPU
		{08A96641-ACAC-4645-8DD6-FE22E67C012C}.Debug|Any CPU.ActiveCfg = Debug|Any CPU
		{08A96641-ACAC-4645-8DD6-FE22E67C012C}.Debug|Any CPU.Build.0 = Debug|Any CPU
		{08A96641-ACAC-4645-8DD6-FE22E67C012C}.Release|Any CPU.ActiveCfg = Release|Any CPU
		{08A96641-ACAC-4645-8DD6-FE22E67C012C}.Release|Any CPU.Build.0 = Release|Any CPU
		{A76D5FAF-D41B-4C72-B7C4-78F7792B722C}.Debug|Any CPU.ActiveCfg = Debug|Any CPU
		{A76D5FAF-D41B-4C72-B7C4-78F7792B722C}.Debug|Any CPU.Build.0 = Debug|Any CPU
		{A76D5FAF-D41B-4C72-B7C4-78F7792B722C}.Release|Any CPU.ActiveCfg = Release|Any CPU
		{A76D5FAF-D41B-4C72-B7C4-78F7792B722C}.Release|Any CPU.Build.0 = Release|Any CPU
		{963C4FFF-DBCC-40E2-B701-3B9385F522E6}.Debug|Any CPU.ActiveCfg = Debug|Any CPU
		{963C4FFF-DBCC-40E2-B701-3B9385F522E6}.Debug|Any CPU.Build.0 = Debug|Any CPU
		{963C4FFF-DBCC-40E2-B701-3B9385F522E6}.Release|Any CPU.ActiveCfg = Release|Any CPU
		{963C4FFF-DBCC-40E2-B701-3B9385F522E6}.Release|Any CPU.Build.0 = Release|Any CPU
		{3BE6BF5A-355A-47A7-B9F1-A71E472FC617}.Debug|Any CPU.ActiveCfg = Debug|Any CPU
		{3BE6BF5A-355A-47A7-B9F1-A71E472FC617}.Debug|Any CPU.Build.0 = Debug|Any CPU
		{3BE6BF5A-355A-47A7-B9F1-A71E472FC617}.Release|Any CPU.ActiveCfg = Release|Any CPU
		{3BE6BF5A-355A-47A7-B9F1-A71E472FC617}.Release|Any CPU.Build.0 = Release|Any CPU
		{FAF5B069-508E-4274-B331-6069BF9D4849}.Debug|Any CPU.ActiveCfg = Debug|Any CPU
		{FAF5B069-508E-4274-B331-6069BF9D4849}.Debug|Any CPU.Build.0 = Debug|Any CPU
		{FAF5B069-508E-4274-B331-6069BF9D4849}.Release|Any CPU.ActiveCfg = Release|Any CPU
		{FAF5B069-508E-4274-B331-6069BF9D4849}.Release|Any CPU.Build.0 = Release|Any CPU
		{36829BC9-5CF9-40EA-BC26-0BA1460DE7F2}.Debug|Any CPU.ActiveCfg = Debug|Any CPU
		{36829BC9-5CF9-40EA-BC26-0BA1460DE7F2}.Debug|Any CPU.Build.0 = Debug|Any CPU
		{36829BC9-5CF9-40EA-BC26-0BA1460DE7F2}.Release|Any CPU.ActiveCfg = Release|Any CPU
		{36829BC9-5CF9-40EA-BC26-0BA1460DE7F2}.Release|Any CPU.Build.0 = Release|Any CPU
		{FE41A545-B8A6-41BF-928B-EB1D4CEE3F5D}.Debug|Any CPU.ActiveCfg = Debug|Any CPU
		{FE41A545-B8A6-41BF-928B-EB1D4CEE3F5D}.Debug|Any CPU.Build.0 = Debug|Any CPU
		{FE41A545-B8A6-41BF-928B-EB1D4CEE3F5D}.Release|Any CPU.ActiveCfg = Release|Any CPU
		{FE41A545-B8A6-41BF-928B-EB1D4CEE3F5D}.Release|Any CPU.Build.0 = Release|Any CPU
		{8D29F8B1-B529-4032-B2ED-A7846834AD85}.Debug|Any CPU.ActiveCfg = Debug|Any CPU
		{8D29F8B1-B529-4032-B2ED-A7846834AD85}.Debug|Any CPU.Build.0 = Debug|Any CPU
		{8D29F8B1-B529-4032-B2ED-A7846834AD85}.Release|Any CPU.ActiveCfg = Release|Any CPU
		{8D29F8B1-B529-4032-B2ED-A7846834AD85}.Release|Any CPU.Build.0 = Release|Any CPU
		{EE196E3C-45B0-4DB4-8954-3B39CA47F0D3}.Debug|Any CPU.ActiveCfg = Debug|Any CPU
		{EE196E3C-45B0-4DB4-8954-3B39CA47F0D3}.Debug|Any CPU.Build.0 = Debug|Any CPU
		{EE196E3C-45B0-4DB4-8954-3B39CA47F0D3}.Release|Any CPU.ActiveCfg = Release|Any CPU
		{EE196E3C-45B0-4DB4-8954-3B39CA47F0D3}.Release|Any CPU.Build.0 = Release|Any CPU
		{41674F5C-F56A-45A6-B75C-61C788282CC6}.Debug|Any CPU.ActiveCfg = Debug|Any CPU
		{41674F5C-F56A-45A6-B75C-61C788282CC6}.Debug|Any CPU.Build.0 = Debug|Any CPU
		{41674F5C-F56A-45A6-B75C-61C788282CC6}.Release|Any CPU.ActiveCfg = Release|Any CPU
		{41674F5C-F56A-45A6-B75C-61C788282CC6}.Release|Any CPU.Build.0 = Release|Any CPU
		{E16F5B08-EAB3-4E57-9E65-306AA4BEB1C8}.Debug|Any CPU.ActiveCfg = Debug|Any CPU
		{E16F5B08-EAB3-4E57-9E65-306AA4BEB1C8}.Debug|Any CPU.Build.0 = Debug|Any CPU
		{E16F5B08-EAB3-4E57-9E65-306AA4BEB1C8}.Release|Any CPU.ActiveCfg = Release|Any CPU
		{E16F5B08-EAB3-4E57-9E65-306AA4BEB1C8}.Release|Any CPU.Build.0 = Release|Any CPU
		{8F0BE70F-114A-4146-B44C-D2EE867FA7DD}.Debug|Any CPU.ActiveCfg = Debug|Any CPU
		{8F0BE70F-114A-4146-B44C-D2EE867FA7DD}.Debug|Any CPU.Build.0 = Debug|Any CPU
		{8F0BE70F-114A-4146-B44C-D2EE867FA7DD}.Release|Any CPU.ActiveCfg = Release|Any CPU
		{8F0BE70F-114A-4146-B44C-D2EE867FA7DD}.Release|Any CPU.Build.0 = Release|Any CPU
		{991FE9CE-F279-4C4D-973D-706DD8E3C32A}.Debug|Any CPU.ActiveCfg = Debug|Any CPU
		{991FE9CE-F279-4C4D-973D-706DD8E3C32A}.Debug|Any CPU.Build.0 = Debug|Any CPU
		{991FE9CE-F279-4C4D-973D-706DD8E3C32A}.Release|Any CPU.ActiveCfg = Release|Any CPU
		{991FE9CE-F279-4C4D-973D-706DD8E3C32A}.Release|Any CPU.Build.0 = Release|Any CPU
		{AC4D3B12-3CCC-4E4C-8F24-C63E5CE91091}.Debug|Any CPU.ActiveCfg = Debug|Any CPU
		{AC4D3B12-3CCC-4E4C-8F24-C63E5CE91091}.Debug|Any CPU.Build.0 = Debug|Any CPU
		{AC4D3B12-3CCC-4E4C-8F24-C63E5CE91091}.Release|Any CPU.ActiveCfg = Release|Any CPU
		{AC4D3B12-3CCC-4E4C-8F24-C63E5CE91091}.Release|Any CPU.Build.0 = Release|Any CPU
		{CC4E3595-AEDA-4DFB-BAA3-0E3336E25DF6}.Debug|Any CPU.ActiveCfg = Debug|Any CPU
		{CC4E3595-AEDA-4DFB-BAA3-0E3336E25DF6}.Debug|Any CPU.Build.0 = Debug|Any CPU
		{CC4E3595-AEDA-4DFB-BAA3-0E3336E25DF6}.Release|Any CPU.ActiveCfg = Release|Any CPU
		{CC4E3595-AEDA-4DFB-BAA3-0E3336E25DF6}.Release|Any CPU.Build.0 = Release|Any CPU
		{2514EECB-D02D-4F74-A519-BE7DF2CA46A8}.Debug|Any CPU.ActiveCfg = Debug|Any CPU
		{2514EECB-D02D-4F74-A519-BE7DF2CA46A8}.Debug|Any CPU.Build.0 = Debug|Any CPU
		{2514EECB-D02D-4F74-A519-BE7DF2CA46A8}.Release|Any CPU.ActiveCfg = Release|Any CPU
		{2514EECB-D02D-4F74-A519-BE7DF2CA46A8}.Release|Any CPU.Build.0 = Release|Any CPU
		{C54FAB98-8523-45AB-A293-EB6E3F5CC3E1}.Debug|Any CPU.ActiveCfg = Debug|Any CPU
		{C54FAB98-8523-45AB-A293-EB6E3F5CC3E1}.Debug|Any CPU.Build.0 = Debug|Any CPU
		{C54FAB98-8523-45AB-A293-EB6E3F5CC3E1}.Release|Any CPU.ActiveCfg = Release|Any CPU
		{C54FAB98-8523-45AB-A293-EB6E3F5CC3E1}.Release|Any CPU.Build.0 = Release|Any CPU
		{FFB7A267-BD40-4EB9-AA8A-982D7265C939}.Debug|Any CPU.ActiveCfg = Debug|Any CPU
		{FFB7A267-BD40-4EB9-AA8A-982D7265C939}.Debug|Any CPU.Build.0 = Debug|Any CPU
		{FFB7A267-BD40-4EB9-AA8A-982D7265C939}.Release|Any CPU.ActiveCfg = Release|Any CPU
		{FFB7A267-BD40-4EB9-AA8A-982D7265C939}.Release|Any CPU.Build.0 = Release|Any CPU
		{705C4604-4F64-40D4-A9C8-181666440B04}.Debug|Any CPU.ActiveCfg = Debug|Any CPU
		{705C4604-4F64-40D4-A9C8-181666440B04}.Debug|Any CPU.Build.0 = Debug|Any CPU
		{705C4604-4F64-40D4-A9C8-181666440B04}.Release|Any CPU.ActiveCfg = Release|Any CPU
		{705C4604-4F64-40D4-A9C8-181666440B04}.Release|Any CPU.Build.0 = Release|Any CPU
		{A84BB0B9-EAF9-4BA1-9F76-7C43497F9B84}.Debug|Any CPU.ActiveCfg = Debug|Any CPU
		{A84BB0B9-EAF9-4BA1-9F76-7C43497F9B84}.Debug|Any CPU.Build.0 = Debug|Any CPU
		{A84BB0B9-EAF9-4BA1-9F76-7C43497F9B84}.Release|Any CPU.ActiveCfg = Release|Any CPU
		{A84BB0B9-EAF9-4BA1-9F76-7C43497F9B84}.Release|Any CPU.Build.0 = Release|Any CPU
		{6FB34259-9D0F-47F2-8537-B03349F35CFB}.Debug|Any CPU.ActiveCfg = Debug|Any CPU
		{6FB34259-9D0F-47F2-8537-B03349F35CFB}.Debug|Any CPU.Build.0 = Debug|Any CPU
		{6FB34259-9D0F-47F2-8537-B03349F35CFB}.Release|Any CPU.ActiveCfg = Release|Any CPU
		{6FB34259-9D0F-47F2-8537-B03349F35CFB}.Release|Any CPU.Build.0 = Release|Any CPU
		{525B5F03-1B04-40FB-824D-F60E07FE38C3}.Debug|Any CPU.ActiveCfg = Debug|Any CPU
		{525B5F03-1B04-40FB-824D-F60E07FE38C3}.Debug|Any CPU.Build.0 = Debug|Any CPU
		{525B5F03-1B04-40FB-824D-F60E07FE38C3}.Release|Any CPU.ActiveCfg = Release|Any CPU
		{525B5F03-1B04-40FB-824D-F60E07FE38C3}.Release|Any CPU.Build.0 = Release|Any CPU
		{9DEA0340-40A4-4422-974E-CBB19B81ACD2}.Debug|Any CPU.ActiveCfg = Debug|Any CPU
		{9DEA0340-40A4-4422-974E-CBB19B81ACD2}.Debug|Any CPU.Build.0 = Debug|Any CPU
		{9DEA0340-40A4-4422-974E-CBB19B81ACD2}.Release|Any CPU.ActiveCfg = Release|Any CPU
		{9DEA0340-40A4-4422-974E-CBB19B81ACD2}.Release|Any CPU.Build.0 = Release|Any CPU
		{DC9976F7-29EA-42B0-88DE-F3229987CE83}.Debug|Any CPU.ActiveCfg = Debug|Any CPU
		{DC9976F7-29EA-42B0-88DE-F3229987CE83}.Debug|Any CPU.Build.0 = Debug|Any CPU
		{DC9976F7-29EA-42B0-88DE-F3229987CE83}.Release|Any CPU.ActiveCfg = Release|Any CPU
		{DC9976F7-29EA-42B0-88DE-F3229987CE83}.Release|Any CPU.Build.0 = Release|Any CPU
		{545A07BF-EA23-4596-BA52-40FB51709EF7}.Debug|Any CPU.ActiveCfg = Debug|Any CPU
		{545A07BF-EA23-4596-BA52-40FB51709EF7}.Debug|Any CPU.Build.0 = Debug|Any CPU
		{545A07BF-EA23-4596-BA52-40FB51709EF7}.Release|Any CPU.ActiveCfg = Release|Any CPU
		{545A07BF-EA23-4596-BA52-40FB51709EF7}.Release|Any CPU.Build.0 = Release|Any CPU
		{1AFD95B0-FA77-448B-8766-F538B1FED5D8}.Debug|Any CPU.ActiveCfg = Debug|Any CPU
		{1AFD95B0-FA77-448B-8766-F538B1FED5D8}.Debug|Any CPU.Build.0 = Debug|Any CPU
		{1AFD95B0-FA77-448B-8766-F538B1FED5D8}.Release|Any CPU.ActiveCfg = Release|Any CPU
		{1AFD95B0-FA77-448B-8766-F538B1FED5D8}.Release|Any CPU.Build.0 = Release|Any CPU
		{A5C9C2B3-0D7E-41DC-82F7-6085A573CFFC}.Debug|Any CPU.ActiveCfg = Debug|Any CPU
		{A5C9C2B3-0D7E-41DC-82F7-6085A573CFFC}.Debug|Any CPU.Build.0 = Debug|Any CPU
		{A5C9C2B3-0D7E-41DC-82F7-6085A573CFFC}.Release|Any CPU.ActiveCfg = Release|Any CPU
		{A5C9C2B3-0D7E-41DC-82F7-6085A573CFFC}.Release|Any CPU.Build.0 = Release|Any CPU
		{E26986AF-EE26-40E5-97CC-5F98ACB6A387}.Debug|Any CPU.ActiveCfg = Debug|Any CPU
		{E26986AF-EE26-40E5-97CC-5F98ACB6A387}.Debug|Any CPU.Build.0 = Debug|Any CPU
		{E26986AF-EE26-40E5-97CC-5F98ACB6A387}.Release|Any CPU.ActiveCfg = Release|Any CPU
		{E26986AF-EE26-40E5-97CC-5F98ACB6A387}.Release|Any CPU.Build.0 = Release|Any CPU
		{AF61EBB4-687D-4BFA-A65A-6FB3C1C60E39}.Debug|Any CPU.ActiveCfg = Debug|Any CPU
		{AF61EBB4-687D-4BFA-A65A-6FB3C1C60E39}.Debug|Any CPU.Build.0 = Debug|Any CPU
		{AF61EBB4-687D-4BFA-A65A-6FB3C1C60E39}.Release|Any CPU.ActiveCfg = Release|Any CPU
		{AF61EBB4-687D-4BFA-A65A-6FB3C1C60E39}.Release|Any CPU.Build.0 = Release|Any CPU
		{E4B85E6F-15EE-4D7E-8FCB-26A8484837B4}.Debug|Any CPU.ActiveCfg = Debug|Any CPU
		{E4B85E6F-15EE-4D7E-8FCB-26A8484837B4}.Debug|Any CPU.Build.0 = Debug|Any CPU
		{E4B85E6F-15EE-4D7E-8FCB-26A8484837B4}.Release|Any CPU.ActiveCfg = Release|Any CPU
		{E4B85E6F-15EE-4D7E-8FCB-26A8484837B4}.Release|Any CPU.Build.0 = Release|Any CPU
		{F289156A-34BF-4B24-89AB-7576A0F51417}.Debug|Any CPU.ActiveCfg = Debug|Any CPU
		{F289156A-34BF-4B24-89AB-7576A0F51417}.Debug|Any CPU.Build.0 = Debug|Any CPU
		{F289156A-34BF-4B24-89AB-7576A0F51417}.Release|Any CPU.ActiveCfg = Release|Any CPU
		{F289156A-34BF-4B24-89AB-7576A0F51417}.Release|Any CPU.Build.0 = Release|Any CPU
		{E7C27012-2A6C-45C9-BCC8-0C3F2403E896}.Debug|Any CPU.ActiveCfg = Debug|Any CPU
		{E7C27012-2A6C-45C9-BCC8-0C3F2403E896}.Debug|Any CPU.Build.0 = Debug|Any CPU
		{E7C27012-2A6C-45C9-BCC8-0C3F2403E896}.Release|Any CPU.ActiveCfg = Release|Any CPU
		{E7C27012-2A6C-45C9-BCC8-0C3F2403E896}.Release|Any CPU.Build.0 = Release|Any CPU
		{0D60E3A2-CF2A-4DEE-B27C-FB5EDADAE48E}.Debug|Any CPU.ActiveCfg = Debug|Any CPU
		{0D60E3A2-CF2A-4DEE-B27C-FB5EDADAE48E}.Debug|Any CPU.Build.0 = Debug|Any CPU
		{0D60E3A2-CF2A-4DEE-B27C-FB5EDADAE48E}.Release|Any CPU.ActiveCfg = Release|Any CPU
		{0D60E3A2-CF2A-4DEE-B27C-FB5EDADAE48E}.Release|Any CPU.Build.0 = Release|Any CPU
		{08FAC26D-83EE-41F8-BDDD-07D97E346216}.Debug|Any CPU.ActiveCfg = Debug|Any CPU
		{08FAC26D-83EE-41F8-BDDD-07D97E346216}.Debug|Any CPU.Build.0 = Debug|Any CPU
		{08FAC26D-83EE-41F8-BDDD-07D97E346216}.Release|Any CPU.ActiveCfg = Release|Any CPU
		{08FAC26D-83EE-41F8-BDDD-07D97E346216}.Release|Any CPU.Build.0 = Release|Any CPU
		{5EC7688C-7D35-4533-80E6-C754EE3B6B58}.Debug|Any CPU.ActiveCfg = Debug|Any CPU
		{5EC7688C-7D35-4533-80E6-C754EE3B6B58}.Debug|Any CPU.Build.0 = Debug|Any CPU
		{5EC7688C-7D35-4533-80E6-C754EE3B6B58}.Release|Any CPU.ActiveCfg = Release|Any CPU
		{5EC7688C-7D35-4533-80E6-C754EE3B6B58}.Release|Any CPU.Build.0 = Release|Any CPU
		{DADC9126-0B70-422E-9D2A-E19210D41809}.Debug|Any CPU.ActiveCfg = Debug|Any CPU
		{DADC9126-0B70-422E-9D2A-E19210D41809}.Debug|Any CPU.Build.0 = Debug|Any CPU
		{DADC9126-0B70-422E-9D2A-E19210D41809}.Release|Any CPU.ActiveCfg = Release|Any CPU
		{DADC9126-0B70-422E-9D2A-E19210D41809}.Release|Any CPU.Build.0 = Release|Any CPU
		{F31DC965-DAAE-4EFE-8F62-517B3377F760}.Debug|Any CPU.ActiveCfg = Debug|Any CPU
		{F31DC965-DAAE-4EFE-8F62-517B3377F760}.Debug|Any CPU.Build.0 = Debug|Any CPU
		{F31DC965-DAAE-4EFE-8F62-517B3377F760}.Release|Any CPU.ActiveCfg = Release|Any CPU
		{F31DC965-DAAE-4EFE-8F62-517B3377F760}.Release|Any CPU.Build.0 = Release|Any CPU
		{E2857548-F01D-4B2D-8875-05FD3A123C3C}.Debug|Any CPU.ActiveCfg = Debug|Any CPU
		{E2857548-F01D-4B2D-8875-05FD3A123C3C}.Debug|Any CPU.Build.0 = Debug|Any CPU
		{E2857548-F01D-4B2D-8875-05FD3A123C3C}.Release|Any CPU.ActiveCfg = Release|Any CPU
		{E2857548-F01D-4B2D-8875-05FD3A123C3C}.Release|Any CPU.Build.0 = Release|Any CPU
		{4D5CD296-BFF7-43F0-B23B-972B96B5CBB5}.Debug|Any CPU.ActiveCfg = Debug|Any CPU
		{4D5CD296-BFF7-43F0-B23B-972B96B5CBB5}.Debug|Any CPU.Build.0 = Debug|Any CPU
		{4D5CD296-BFF7-43F0-B23B-972B96B5CBB5}.Release|Any CPU.ActiveCfg = Release|Any CPU
		{4D5CD296-BFF7-43F0-B23B-972B96B5CBB5}.Release|Any CPU.Build.0 = Release|Any CPU
		{F00CBAC6-FCD2-4840-87E3-6AC45B0224C8}.Debug|Any CPU.ActiveCfg = Debug|Any CPU
		{F00CBAC6-FCD2-4840-87E3-6AC45B0224C8}.Debug|Any CPU.Build.0 = Debug|Any CPU
		{F00CBAC6-FCD2-4840-87E3-6AC45B0224C8}.Release|Any CPU.ActiveCfg = Release|Any CPU
		{F00CBAC6-FCD2-4840-87E3-6AC45B0224C8}.Release|Any CPU.Build.0 = Release|Any CPU
		{B5D3B758-CCAB-407C-BC09-C405DD5C5100}.Debug|Any CPU.ActiveCfg = Debug|Any CPU
		{B5D3B758-CCAB-407C-BC09-C405DD5C5100}.Debug|Any CPU.Build.0 = Debug|Any CPU
		{B5D3B758-CCAB-407C-BC09-C405DD5C5100}.Release|Any CPU.ActiveCfg = Release|Any CPU
		{B5D3B758-CCAB-407C-BC09-C405DD5C5100}.Release|Any CPU.Build.0 = Release|Any CPU
		{8151E3DA-0303-4A64-96CE-BB9C7750C705}.Debug|Any CPU.ActiveCfg = Debug|Any CPU
		{8151E3DA-0303-4A64-96CE-BB9C7750C705}.Debug|Any CPU.Build.0 = Debug|Any CPU
		{8151E3DA-0303-4A64-96CE-BB9C7750C705}.Release|Any CPU.ActiveCfg = Release|Any CPU
		{8151E3DA-0303-4A64-96CE-BB9C7750C705}.Release|Any CPU.Build.0 = Release|Any CPU
		{D0A865B8-62F6-48D9-A294-FF03ECF97691}.Debug|Any CPU.ActiveCfg = Debug|Any CPU
		{D0A865B8-62F6-48D9-A294-FF03ECF97691}.Debug|Any CPU.Build.0 = Debug|Any CPU
		{D0A865B8-62F6-48D9-A294-FF03ECF97691}.Release|Any CPU.ActiveCfg = Release|Any CPU
		{D0A865B8-62F6-48D9-A294-FF03ECF97691}.Release|Any CPU.Build.0 = Release|Any CPU
		{008CF68E-6075-44DD-8F36-192A37420038}.Debug|Any CPU.ActiveCfg = Debug|Any CPU
		{008CF68E-6075-44DD-8F36-192A37420038}.Debug|Any CPU.Build.0 = Debug|Any CPU
		{008CF68E-6075-44DD-8F36-192A37420038}.Release|Any CPU.ActiveCfg = Release|Any CPU
		{008CF68E-6075-44DD-8F36-192A37420038}.Release|Any CPU.Build.0 = Release|Any CPU
		{2BE9F9F9-44B9-426D-B0D8-82934A4B7897}.Debug|Any CPU.ActiveCfg = Debug|Any CPU
		{2BE9F9F9-44B9-426D-B0D8-82934A4B7897}.Debug|Any CPU.Build.0 = Debug|Any CPU
		{2BE9F9F9-44B9-426D-B0D8-82934A4B7897}.Release|Any CPU.ActiveCfg = Release|Any CPU
		{2BE9F9F9-44B9-426D-B0D8-82934A4B7897}.Release|Any CPU.Build.0 = Release|Any CPU
		{AAE683FD-A149-4563-B83F-6DD8A02A07FC}.Debug|Any CPU.ActiveCfg = Debug|Any CPU
		{AAE683FD-A149-4563-B83F-6DD8A02A07FC}.Debug|Any CPU.Build.0 = Debug|Any CPU
		{AAE683FD-A149-4563-B83F-6DD8A02A07FC}.Release|Any CPU.ActiveCfg = Release|Any CPU
		{AAE683FD-A149-4563-B83F-6DD8A02A07FC}.Release|Any CPU.Build.0 = Release|Any CPU
		{96F13BD1-E8CF-4AA5-BFFF-4AB8A4EF27FD}.Debug|Any CPU.ActiveCfg = Debug|Any CPU
		{96F13BD1-E8CF-4AA5-BFFF-4AB8A4EF27FD}.Debug|Any CPU.Build.0 = Debug|Any CPU
		{96F13BD1-E8CF-4AA5-BFFF-4AB8A4EF27FD}.Release|Any CPU.ActiveCfg = Release|Any CPU
		{96F13BD1-E8CF-4AA5-BFFF-4AB8A4EF27FD}.Release|Any CPU.Build.0 = Release|Any CPU
		{3300490B-BD0A-4AF0-ACA0-098AF6786831}.Debug|Any CPU.ActiveCfg = Debug|Any CPU
		{3300490B-BD0A-4AF0-ACA0-098AF6786831}.Debug|Any CPU.Build.0 = Debug|Any CPU
		{3300490B-BD0A-4AF0-ACA0-098AF6786831}.Release|Any CPU.ActiveCfg = Release|Any CPU
		{3300490B-BD0A-4AF0-ACA0-098AF6786831}.Release|Any CPU.Build.0 = Release|Any CPU
		{854E458C-04FC-42AC-BA4D-1760C331FB9D}.Debug|Any CPU.ActiveCfg = Debug|Any CPU
		{854E458C-04FC-42AC-BA4D-1760C331FB9D}.Debug|Any CPU.Build.0 = Debug|Any CPU
		{854E458C-04FC-42AC-BA4D-1760C331FB9D}.Release|Any CPU.ActiveCfg = Release|Any CPU
		{854E458C-04FC-42AC-BA4D-1760C331FB9D}.Release|Any CPU.Build.0 = Release|Any CPU
		{4B24D383-C7F4-4D0C-9FFB-3A6B62503C59}.Debug|Any CPU.ActiveCfg = Debug|Any CPU
		{4B24D383-C7F4-4D0C-9FFB-3A6B62503C59}.Debug|Any CPU.Build.0 = Debug|Any CPU
		{4B24D383-C7F4-4D0C-9FFB-3A6B62503C59}.Release|Any CPU.ActiveCfg = Release|Any CPU
		{4B24D383-C7F4-4D0C-9FFB-3A6B62503C59}.Release|Any CPU.Build.0 = Release|Any CPU
		{2E99CC8F-18DA-4738-9B1E-285CAEF4C68A}.Debug|Any CPU.ActiveCfg = Debug|Any CPU
		{2E99CC8F-18DA-4738-9B1E-285CAEF4C68A}.Debug|Any CPU.Build.0 = Debug|Any CPU
		{2E99CC8F-18DA-4738-9B1E-285CAEF4C68A}.Release|Any CPU.ActiveCfg = Release|Any CPU
		{2E99CC8F-18DA-4738-9B1E-285CAEF4C68A}.Release|Any CPU.Build.0 = Release|Any CPU
		{DC2BD2B4-4DAC-4646-BA33-A5FAF52462FF}.Debug|Any CPU.ActiveCfg = Debug|Any CPU
		{DC2BD2B4-4DAC-4646-BA33-A5FAF52462FF}.Debug|Any CPU.Build.0 = Debug|Any CPU
		{DC2BD2B4-4DAC-4646-BA33-A5FAF52462FF}.Release|Any CPU.ActiveCfg = Release|Any CPU
		{DC2BD2B4-4DAC-4646-BA33-A5FAF52462FF}.Release|Any CPU.Build.0 = Release|Any CPU
		{9B2FF07F-EC72-4C28-A244-2F5989AA48FD}.Debug|Any CPU.ActiveCfg = Debug|Any CPU
		{9B2FF07F-EC72-4C28-A244-2F5989AA48FD}.Debug|Any CPU.Build.0 = Debug|Any CPU
		{9B2FF07F-EC72-4C28-A244-2F5989AA48FD}.Release|Any CPU.ActiveCfg = Release|Any CPU
		{9B2FF07F-EC72-4C28-A244-2F5989AA48FD}.Release|Any CPU.Build.0 = Release|Any CPU
		{A9864622-FACD-4590-9B26-CBF70E1048DA}.Debug|Any CPU.ActiveCfg = Debug|Any CPU
		{A9864622-FACD-4590-9B26-CBF70E1048DA}.Debug|Any CPU.Build.0 = Debug|Any CPU
		{A9864622-FACD-4590-9B26-CBF70E1048DA}.Release|Any CPU.ActiveCfg = Release|Any CPU
		{A9864622-FACD-4590-9B26-CBF70E1048DA}.Release|Any CPU.Build.0 = Release|Any CPU
		{5416B664-161B-41E7-B3C7-BB26AD0BA819}.Debug|Any CPU.ActiveCfg = Debug|Any CPU
		{5416B664-161B-41E7-B3C7-BB26AD0BA819}.Debug|Any CPU.Build.0 = Debug|Any CPU
		{5416B664-161B-41E7-B3C7-BB26AD0BA819}.Release|Any CPU.ActiveCfg = Release|Any CPU
		{5416B664-161B-41E7-B3C7-BB26AD0BA819}.Release|Any CPU.Build.0 = Release|Any CPU
		{702D1D9E-F386-4EB1-8D42-F70F558CD599}.Debug|Any CPU.ActiveCfg = Debug|Any CPU
		{702D1D9E-F386-4EB1-8D42-F70F558CD599}.Debug|Any CPU.Build.0 = Debug|Any CPU
		{702D1D9E-F386-4EB1-8D42-F70F558CD599}.Release|Any CPU.ActiveCfg = Release|Any CPU
		{702D1D9E-F386-4EB1-8D42-F70F558CD599}.Release|Any CPU.Build.0 = Release|Any CPU
		{3EAD339F-3732-4585-8C49-8E4C0CF30B65}.Debug|Any CPU.ActiveCfg = Debug|Any CPU
		{3EAD339F-3732-4585-8C49-8E4C0CF30B65}.Debug|Any CPU.Build.0 = Debug|Any CPU
		{3EAD339F-3732-4585-8C49-8E4C0CF30B65}.Release|Any CPU.ActiveCfg = Release|Any CPU
		{3EAD339F-3732-4585-8C49-8E4C0CF30B65}.Release|Any CPU.Build.0 = Release|Any CPU
		{46820795-FFF2-4D07-8207-48BFBBD637A5}.Debug|Any CPU.ActiveCfg = Debug|Any CPU
		{46820795-FFF2-4D07-8207-48BFBBD637A5}.Debug|Any CPU.Build.0 = Debug|Any CPU
		{46820795-FFF2-4D07-8207-48BFBBD637A5}.Release|Any CPU.ActiveCfg = Release|Any CPU
		{46820795-FFF2-4D07-8207-48BFBBD637A5}.Release|Any CPU.Build.0 = Release|Any CPU
		{361DB4D1-761D-4D65-9B99-0CB868814B31}.Debug|Any CPU.ActiveCfg = Debug|Any CPU
		{361DB4D1-761D-4D65-9B99-0CB868814B31}.Debug|Any CPU.Build.0 = Debug|Any CPU
		{361DB4D1-761D-4D65-9B99-0CB868814B31}.Release|Any CPU.ActiveCfg = Release|Any CPU
		{361DB4D1-761D-4D65-9B99-0CB868814B31}.Release|Any CPU.Build.0 = Release|Any CPU
		{B1F7505D-9B0F-4876-81A4-738AC562E6E1}.Debug|Any CPU.ActiveCfg = Debug|Any CPU
		{B1F7505D-9B0F-4876-81A4-738AC562E6E1}.Debug|Any CPU.Build.0 = Debug|Any CPU
		{B1F7505D-9B0F-4876-81A4-738AC562E6E1}.Release|Any CPU.ActiveCfg = Release|Any CPU
		{B1F7505D-9B0F-4876-81A4-738AC562E6E1}.Release|Any CPU.Build.0 = Release|Any CPU
		{3DFB8D01-DFF8-4D76-AEDA-234708B75021}.Debug|Any CPU.ActiveCfg = Debug|Any CPU
		{3DFB8D01-DFF8-4D76-AEDA-234708B75021}.Debug|Any CPU.Build.0 = Debug|Any CPU
		{3DFB8D01-DFF8-4D76-AEDA-234708B75021}.Release|Any CPU.ActiveCfg = Release|Any CPU
		{3DFB8D01-DFF8-4D76-AEDA-234708B75021}.Release|Any CPU.Build.0 = Release|Any CPU
		{07E39AA0-A86E-4A7F-B9DE-B1F924297FA8}.Debug|Any CPU.ActiveCfg = Debug|Any CPU
		{07E39AA0-A86E-4A7F-B9DE-B1F924297FA8}.Debug|Any CPU.Build.0 = Debug|Any CPU
		{07E39AA0-A86E-4A7F-B9DE-B1F924297FA8}.Release|Any CPU.ActiveCfg = Release|Any CPU
		{07E39AA0-A86E-4A7F-B9DE-B1F924297FA8}.Release|Any CPU.Build.0 = Release|Any CPU
		{93275272-A00D-459E-9036-AF397DB6353B}.Debug|Any CPU.ActiveCfg = Debug|Any CPU
		{93275272-A00D-459E-9036-AF397DB6353B}.Debug|Any CPU.Build.0 = Debug|Any CPU
		{93275272-A00D-459E-9036-AF397DB6353B}.Release|Any CPU.ActiveCfg = Release|Any CPU
		{93275272-A00D-459E-9036-AF397DB6353B}.Release|Any CPU.Build.0 = Release|Any CPU
		{EF4E1492-8433-4653-AC9C-BA7FEA4BD2AB}.Debug|Any CPU.ActiveCfg = Debug|Any CPU
		{EF4E1492-8433-4653-AC9C-BA7FEA4BD2AB}.Debug|Any CPU.Build.0 = Debug|Any CPU
		{EF4E1492-8433-4653-AC9C-BA7FEA4BD2AB}.Release|Any CPU.ActiveCfg = Release|Any CPU
		{EF4E1492-8433-4653-AC9C-BA7FEA4BD2AB}.Release|Any CPU.Build.0 = Release|Any CPU
		{FB66A5D5-7114-4054-B841-DB9F000389DE}.Debug|Any CPU.ActiveCfg = Debug|Any CPU
		{FB66A5D5-7114-4054-B841-DB9F000389DE}.Debug|Any CPU.Build.0 = Debug|Any CPU
		{FB66A5D5-7114-4054-B841-DB9F000389DE}.Release|Any CPU.ActiveCfg = Release|Any CPU
		{FB66A5D5-7114-4054-B841-DB9F000389DE}.Release|Any CPU.Build.0 = Release|Any CPU
		{7FBBDADA-B6D3-426D-869D-8FC365F35C9B}.Debug|Any CPU.ActiveCfg = Debug|Any CPU
		{7FBBDADA-B6D3-426D-869D-8FC365F35C9B}.Debug|Any CPU.Build.0 = Debug|Any CPU
		{7FBBDADA-B6D3-426D-869D-8FC365F35C9B}.Release|Any CPU.ActiveCfg = Release|Any CPU
		{7FBBDADA-B6D3-426D-869D-8FC365F35C9B}.Release|Any CPU.Build.0 = Release|Any CPU
	EndGlobalSection
	GlobalSection(SolutionProperties) = preSolution
		HideSolutionNode = FALSE
	EndGlobalSection
	GlobalSection(NestedProjects) = preSolution
		{9092884D-D6C1-465F-8BA5-FBC71CCA651F} = {7B91A7F6-1ECF-476F-913F-0362B85F4434}
		{53C302AC-C76B-480E-A737-21D3E5184EFF} = {7B91A7F6-1ECF-476F-913F-0362B85F4434}
		{26B547F6-3F53-447A-BA7C-408D55330D32} = {7B91A7F6-1ECF-476F-913F-0362B85F4434}
		{7C9B515B-CACA-47A4-A19E-FFBBB38DAEE3} = {7B91A7F6-1ECF-476F-913F-0362B85F4434}
		{D66DB958-758E-48E1-B2FE-3AECCA45336A} = {7B91A7F6-1ECF-476F-913F-0362B85F4434}
		{51B0F53A-5DD5-4A9E-ADAD-91E73584E83C} = {7B91A7F6-1ECF-476F-913F-0362B85F4434}
		{43B41115-1675-4B37-BCF8-340A3ED13965} = {7B91A7F6-1ECF-476F-913F-0362B85F4434}
		{15E304D9-97E3-4C4C-B90D-CD3F3948F24A} = {7B91A7F6-1ECF-476F-913F-0362B85F4434}
		{B046A07A-0B39-4A69-AFC0-3F08724A04AE} = {7B91A7F6-1ECF-476F-913F-0362B85F4434}
		{C56C3A0F-DC5A-48AF-B7A3-3DB36BD9F803} = {7B91A7F6-1ECF-476F-913F-0362B85F4434}
		{91E78657-C508-455A-A247-FAC1AA43D375} = {7B91A7F6-1ECF-476F-913F-0362B85F4434}
		{39FB84A9-342C-4FDF-BDCA-648FD057C53C} = {7B91A7F6-1ECF-476F-913F-0362B85F4434}
		{4784CCCA-8E15-4EFB-BBCE-ABC71E3C3C95} = {7B91A7F6-1ECF-476F-913F-0362B85F4434}
		{3546BB96-973B-4E52-BA2F-9526ECFA087F} = {7B91A7F6-1ECF-476F-913F-0362B85F4434}
		{B10E0F06-3095-4526-A5B6-6C3063916478} = {7B91A7F6-1ECF-476F-913F-0362B85F4434}
		{495D757F-87BC-499B-9980-CC84DA678974} = {7B91A7F6-1ECF-476F-913F-0362B85F4434}
		{F9C96D3F-3C90-4F6B-B064-B3F64B468A20} = {7B91A7F6-1ECF-476F-913F-0362B85F4434}
		{3E590109-70F4-41E5-95EA-A4C7853B9F75} = {7B91A7F6-1ECF-476F-913F-0362B85F4434}
		{9738DEA1-DD8C-4F92-B78F-426088E49A32} = {7B91A7F6-1ECF-476F-913F-0362B85F4434}
		{4BA61198-4CA7-476E-B333-11A331BA67E1} = {7B91A7F6-1ECF-476F-913F-0362B85F4434}
		{78439792-679B-43DA-8214-A1F828E22930} = {7B91A7F6-1ECF-476F-913F-0362B85F4434}
		{7E9A401C-E5B4-4A5F-B694-FC44BF8A56BF} = {7B91A7F6-1ECF-476F-913F-0362B85F4434}
		{1054F7FD-DE90-4667-A382-3373D3822748} = {7B91A7F6-1ECF-476F-913F-0362B85F4434}
		{3CDD80D2-64FC-493D-B1C0-1B494000105A} = {7B91A7F6-1ECF-476F-913F-0362B85F4434}
		{8D78C95D-E982-4EB1-8C0C-919E924745F1} = {7B91A7F6-1ECF-476F-913F-0362B85F4434}
		{4AC51A84-5FAD-44DC-BADE-16A684E586E7} = {7B91A7F6-1ECF-476F-913F-0362B85F4434}
		{FC000CD2-CEFF-4A2A-8D3D-5F48BD6AEDA8} = {7B91A7F6-1ECF-476F-913F-0362B85F4434}
		{DDC90073-BF4A-4857-94F1-DECDEE42E1D1} = {7B91A7F6-1ECF-476F-913F-0362B85F4434}
		{D1E0AA15-A781-4ABE-A6D8-E6F815316315} = {7B91A7F6-1ECF-476F-913F-0362B85F4434}
		{FF2CEAAC-685E-4C0B-B6B8-67A03084B93E} = {7B91A7F6-1ECF-476F-913F-0362B85F4434}
		{C6AB866E-127E-4ECC-876D-04A8D0BD8D7F} = {7B91A7F6-1ECF-476F-913F-0362B85F4434}
		{4B0C649B-82D1-476E-8693-EC203FDABAAA} = {7B91A7F6-1ECF-476F-913F-0362B85F4434}
		{45EF5C97-0D53-42FE-B48B-69DF61F1F5DA} = {7B91A7F6-1ECF-476F-913F-0362B85F4434}
		{778A1202-7D81-4F49-B3BB-78113D179778} = {7B91A7F6-1ECF-476F-913F-0362B85F4434}
		{8B44F20C-0551-48F9-AE96-30B79D9FF973} = {7B91A7F6-1ECF-476F-913F-0362B85F4434}
		{5206954A-391C-49E9-AEAD-89B1CDAC7E91} = {7B91A7F6-1ECF-476F-913F-0362B85F4434}
		{19BB5A28-3AAE-4278-B7FF-6F3431AC0E1A} = {7B91A7F6-1ECF-476F-913F-0362B85F4434}
		{23D695F9-DEAB-4AB3-8A60-62CBFDE4BA14} = {7B91A7F6-1ECF-476F-913F-0362B85F4434}
		{4DDDD97F-5E3B-4535-9D4C-53CE5776EFC9} = {7B91A7F6-1ECF-476F-913F-0362B85F4434}
		{21A6AD06-7B74-4AE0-9587-809C9E4F3BB8} = {7B91A7F6-1ECF-476F-913F-0362B85F4434}
		{12690DF5-A0B9-4337-A2DA-A3839013DF37} = {7B91A7F6-1ECF-476F-913F-0362B85F4434}
		{45A2C3BA-29F8-49A0-8B8D-DA78CFBE9096} = {7B91A7F6-1ECF-476F-913F-0362B85F4434}
		{2AFFCFFF-0DE5-4E76-8DA7-5E8DE7322218} = {7B91A7F6-1ECF-476F-913F-0362B85F4434}
		{3FFD62DA-9E40-410B-8EE4-FABA1E5943CE} = {7B91A7F6-1ECF-476F-913F-0362B85F4434}
		{CA310F6D-70F6-4DAC-B167-B951B26AAECA} = {7B91A7F6-1ECF-476F-913F-0362B85F4434}
		{F011F8D7-4225-4B88-8FA5-0FE088563131} = {7B91A7F6-1ECF-476F-913F-0362B85F4434}
		{E267611C-DE60-4096-8A82-82D6A98B850F} = {7B91A7F6-1ECF-476F-913F-0362B85F4434}
		{6073EAA5-9815-4274-A6D8-921C3BFB1DCF} = {7B91A7F6-1ECF-476F-913F-0362B85F4434}
		{5ACEAA82-ADFE-4792-8736-71B8EAB70E71} = {7B91A7F6-1ECF-476F-913F-0362B85F4434}
		{85E746BC-E71E-4051-A122-41C9956B7A29} = {7B91A7F6-1ECF-476F-913F-0362B85F4434}
		{2C3DE65F-D2E7-4A96-B57E-8FE5BA3DC16D} = {A16FF45E-5366-4536-9723-C27078F39202}
		{2F5DA5BF-9266-430D-B2AF-10BC8E822173} = {A16FF45E-5366-4536-9723-C27078F39202}
		{C9BAFA85-CD82-4E16-84BA-3CE1DC2F3726} = {A16FF45E-5366-4536-9723-C27078F39202}
		{6DA178A0-B336-440D-B49E-52D4C2D3B204} = {A16FF45E-5366-4536-9723-C27078F39202}
		{294B913F-DACE-485C-A713-819211A6FD4B} = {A16FF45E-5366-4536-9723-C27078F39202}
		{9A98649A-DC06-4220-9082-A6435A693D37} = {A16FF45E-5366-4536-9723-C27078F39202}
		{05A26E58-C075-4369-BF1C-79EBF34E3ADD} = {A16FF45E-5366-4536-9723-C27078F39202}
		{08A96641-ACAC-4645-8DD6-FE22E67C012C} = {A16FF45E-5366-4536-9723-C27078F39202}
		{A76D5FAF-D41B-4C72-B7C4-78F7792B722C} = {A16FF45E-5366-4536-9723-C27078F39202}
		{963C4FFF-DBCC-40E2-B701-3B9385F522E6} = {A16FF45E-5366-4536-9723-C27078F39202}
		{3BE6BF5A-355A-47A7-B9F1-A71E472FC617} = {A16FF45E-5366-4536-9723-C27078F39202}
		{FAF5B069-508E-4274-B331-6069BF9D4849} = {A16FF45E-5366-4536-9723-C27078F39202}
		{36829BC9-5CF9-40EA-BC26-0BA1460DE7F2} = {A16FF45E-5366-4536-9723-C27078F39202}
		{FE41A545-B8A6-41BF-928B-EB1D4CEE3F5D} = {A16FF45E-5366-4536-9723-C27078F39202}
		{8D29F8B1-B529-4032-B2ED-A7846834AD85} = {A16FF45E-5366-4536-9723-C27078F39202}
		{EE196E3C-45B0-4DB4-8954-3B39CA47F0D3} = {A16FF45E-5366-4536-9723-C27078F39202}
		{41674F5C-F56A-45A6-B75C-61C788282CC6} = {A16FF45E-5366-4536-9723-C27078F39202}
		{E16F5B08-EAB3-4E57-9E65-306AA4BEB1C8} = {A16FF45E-5366-4536-9723-C27078F39202}
		{8F0BE70F-114A-4146-B44C-D2EE867FA7DD} = {A16FF45E-5366-4536-9723-C27078F39202}
		{991FE9CE-F279-4C4D-973D-706DD8E3C32A} = {A16FF45E-5366-4536-9723-C27078F39202}
		{AC4D3B12-3CCC-4E4C-8F24-C63E5CE91091} = {A16FF45E-5366-4536-9723-C27078F39202}
		{CC4E3595-AEDA-4DFB-BAA3-0E3336E25DF6} = {A16FF45E-5366-4536-9723-C27078F39202}
		{2514EECB-D02D-4F74-A519-BE7DF2CA46A8} = {A16FF45E-5366-4536-9723-C27078F39202}
		{C54FAB98-8523-45AB-A293-EB6E3F5CC3E1} = {A16FF45E-5366-4536-9723-C27078F39202}
		{FFB7A267-BD40-4EB9-AA8A-982D7265C939} = {A16FF45E-5366-4536-9723-C27078F39202}
		{705C4604-4F64-40D4-A9C8-181666440B04} = {A16FF45E-5366-4536-9723-C27078F39202}
		{A84BB0B9-EAF9-4BA1-9F76-7C43497F9B84} = {A16FF45E-5366-4536-9723-C27078F39202}
		{6FB34259-9D0F-47F2-8537-B03349F35CFB} = {A16FF45E-5366-4536-9723-C27078F39202}
		{525B5F03-1B04-40FB-824D-F60E07FE38C3} = {A16FF45E-5366-4536-9723-C27078F39202}
		{9DEA0340-40A4-4422-974E-CBB19B81ACD2} = {A16FF45E-5366-4536-9723-C27078F39202}
		{DC9976F7-29EA-42B0-88DE-F3229987CE83} = {A16FF45E-5366-4536-9723-C27078F39202}
		{545A07BF-EA23-4596-BA52-40FB51709EF7} = {A16FF45E-5366-4536-9723-C27078F39202}
		{1AFD95B0-FA77-448B-8766-F538B1FED5D8} = {A16FF45E-5366-4536-9723-C27078F39202}
		{A5C9C2B3-0D7E-41DC-82F7-6085A573CFFC} = {A16FF45E-5366-4536-9723-C27078F39202}
		{E26986AF-EE26-40E5-97CC-5F98ACB6A387} = {A16FF45E-5366-4536-9723-C27078F39202}
		{AF61EBB4-687D-4BFA-A65A-6FB3C1C60E39} = {A16FF45E-5366-4536-9723-C27078F39202}
		{E4B85E6F-15EE-4D7E-8FCB-26A8484837B4} = {A16FF45E-5366-4536-9723-C27078F39202}
		{F289156A-34BF-4B24-89AB-7576A0F51417} = {A16FF45E-5366-4536-9723-C27078F39202}
		{E7C27012-2A6C-45C9-BCC8-0C3F2403E896} = {A16FF45E-5366-4536-9723-C27078F39202}
		{0D60E3A2-CF2A-4DEE-B27C-FB5EDADAE48E} = {A16FF45E-5366-4536-9723-C27078F39202}
		{08FAC26D-83EE-41F8-BDDD-07D97E346216} = {A16FF45E-5366-4536-9723-C27078F39202}
		{5EC7688C-7D35-4533-80E6-C754EE3B6B58} = {A16FF45E-5366-4536-9723-C27078F39202}
		{DADC9126-0B70-422E-9D2A-E19210D41809} = {A16FF45E-5366-4536-9723-C27078F39202}
		{F31DC965-DAAE-4EFE-8F62-517B3377F760} = {A16FF45E-5366-4536-9723-C27078F39202}
		{E2857548-F01D-4B2D-8875-05FD3A123C3C} = {A16FF45E-5366-4536-9723-C27078F39202}
		{4D5CD296-BFF7-43F0-B23B-972B96B5CBB5} = {A16FF45E-5366-4536-9723-C27078F39202}
		{F00CBAC6-FCD2-4840-87E3-6AC45B0224C8} = {A16FF45E-5366-4536-9723-C27078F39202}
		{B5D3B758-CCAB-407C-BC09-C405DD5C5100} = {A16FF45E-5366-4536-9723-C27078F39202}
		{8151E3DA-0303-4A64-96CE-BB9C7750C705} = {A16FF45E-5366-4536-9723-C27078F39202}
		{D0A865B8-62F6-48D9-A294-FF03ECF97691} = {A16FF45E-5366-4536-9723-C27078F39202}
		{008CF68E-6075-44DD-8F36-192A37420038} = {F3A4CEED-F2B4-47B6-B5C1-3B5EF4BA8636}
		{2BE9F9F9-44B9-426D-B0D8-82934A4B7897} = {F3A4CEED-F2B4-47B6-B5C1-3B5EF4BA8636}
		{AAE683FD-A149-4563-B83F-6DD8A02A07FC} = {F3A4CEED-F2B4-47B6-B5C1-3B5EF4BA8636}
		{96F13BD1-E8CF-4AA5-BFFF-4AB8A4EF27FD} = {F3A4CEED-F2B4-47B6-B5C1-3B5EF4BA8636}
		{3300490B-BD0A-4AF0-ACA0-098AF6786831} = {F3A4CEED-F2B4-47B6-B5C1-3B5EF4BA8636}
		{854E458C-04FC-42AC-BA4D-1760C331FB9D} = {F3A4CEED-F2B4-47B6-B5C1-3B5EF4BA8636}
		{4B24D383-C7F4-4D0C-9FFB-3A6B62503C59} = {F3A4CEED-F2B4-47B6-B5C1-3B5EF4BA8636}
		{2E99CC8F-18DA-4738-9B1E-285CAEF4C68A} = {F3A4CEED-F2B4-47B6-B5C1-3B5EF4BA8636}
		{DC2BD2B4-4DAC-4646-BA33-A5FAF52462FF} = {F3A4CEED-F2B4-47B6-B5C1-3B5EF4BA8636}
		{9B2FF07F-EC72-4C28-A244-2F5989AA48FD} = {F3A4CEED-F2B4-47B6-B5C1-3B5EF4BA8636}
		{A9864622-FACD-4590-9B26-CBF70E1048DA} = {F3A4CEED-F2B4-47B6-B5C1-3B5EF4BA8636}
		{5416B664-161B-41E7-B3C7-BB26AD0BA819} = {F3A4CEED-F2B4-47B6-B5C1-3B5EF4BA8636}
		{702D1D9E-F386-4EB1-8D42-F70F558CD599} = {F3A4CEED-F2B4-47B6-B5C1-3B5EF4BA8636}
		{3EAD339F-3732-4585-8C49-8E4C0CF30B65} = {F3A4CEED-F2B4-47B6-B5C1-3B5EF4BA8636}
		{46820795-FFF2-4D07-8207-48BFBBD637A5} = {F3A4CEED-F2B4-47B6-B5C1-3B5EF4BA8636}
		{361DB4D1-761D-4D65-9B99-0CB868814B31} = {F3A4CEED-F2B4-47B6-B5C1-3B5EF4BA8636}
		{B1F7505D-9B0F-4876-81A4-738AC562E6E1} = {F3A4CEED-F2B4-47B6-B5C1-3B5EF4BA8636}
		{3DFB8D01-DFF8-4D76-AEDA-234708B75021} = {F3A4CEED-F2B4-47B6-B5C1-3B5EF4BA8636}
		{07E39AA0-A86E-4A7F-B9DE-B1F924297FA8} = {F3A4CEED-F2B4-47B6-B5C1-3B5EF4BA8636}
		{93275272-A00D-459E-9036-AF397DB6353B} = {F3A4CEED-F2B4-47B6-B5C1-3B5EF4BA8636}
		{EF4E1492-8433-4653-AC9C-BA7FEA4BD2AB} = {F3A4CEED-F2B4-47B6-B5C1-3B5EF4BA8636}
		{FB66A5D5-7114-4054-B841-DB9F000389DE} = {F3A4CEED-F2B4-47B6-B5C1-3B5EF4BA8636}
		{7FBBDADA-B6D3-426D-869D-8FC365F35C9B} = {F3A4CEED-F2B4-47B6-B5C1-3B5EF4BA8636}
	EndGlobalSection
	GlobalSection(ExtensibilityGlobals) = postSolution
		SolutionGuid = {5624B0CD-61AB-4FE8-AECB-245FD4B6DBA5}
	EndGlobalSection
EndGlobal
